{
  "version": 4,
  "terraform_version": "1.12.2",
  "serial": 67,
  "lineage": "de653831-0096-a24e-8a18-913385d53540",
  "outputs": {},
  "resources": [
    {
      "mode": "data",
      "type": "nebius_compute_v1_filesystem",
      "name": "existing_jail",
      "provider": "provider[\"terraform-provider.storage.eu-north1.nebius.cloud/nebius/nebius\"]",
      "instances": []
    },
    {
      "mode": "data",
      "type": "nebius_iam_v1_project",
      "name": "this",
      "provider": "provider[\"terraform-provider.storage.eu-north1.nebius.cloud/nebius/nebius\"]",
      "instances": [
        {
          "schema_version": 0,
          "attributes": {
            "created_at": "2025-01-17T01:40:01.880435Z",
            "id": "project-e00kr4sdmr6h9qpy3rn77",
            "labels": null,
            "metadata": {},
            "name": "default-project",
            "parent_id": "tenant-e00txje2rqact2jtfd",
            "region": "eu-north1",
            "resource_version": 5,
            "status": {
              "container_state": "ACTIVE",
              "region": "eu-north1",
              "suspension_state": "NONE"
            },
            "updated_at": "2025-01-20T13:34:31.123173Z"
          },
          "sensitive_attributes": [],
          "identity_schema_version": 0
        }
      ]
    },
    {
      "mode": "data",
      "type": "nebius_iam_v1_tenant",
      "name": "this",
      "provider": "provider[\"terraform-provider.storage.eu-north1.nebius.cloud/nebius/nebius\"]",
      "instances": [
        {
          "schema_version": 0,
          "attributes": {
            "created_at": "2025-01-17T01:16:04.8216Z",
            "id": "tenant-e00txje2rqact2jtfd",
            "labels": null,
            "metadata": {},
            "name": "csa-hiring-sandbox2",
            "parent_id": "root-g00root",
            "region": "eu-north1",
            "resource_version": 6,
            "status": {
              "container_state": "ACTIVE",
              "region": "eu-north1",
              "suspension_state": "NONE"
            },
            "updated_at": "2025-04-30T14:31:08.569398Z"
          },
          "sensitive_attributes": [],
          "identity_schema_version": 0
        }
      ]
    },
    {
      "mode": "data",
      "type": "nebius_vpc_v1_subnet",
      "name": "this",
      "provider": "provider[\"terraform-provider.storage.eu-north1.nebius.cloud/nebius/nebius\"]",
      "instances": [
        {
          "schema_version": 0,
          "attributes": {
            "created_at": "2025-07-28T22:18:55.365775Z",
            "id": "vpcsubnet-e00cdv85sdx302jzrs",
            "ipv4_private_pools": {
              "pools": null,
              "use_network_pools": true
            },
            "ipv4_public_pools": {
              "pools": null,
              "use_network_pools": true
            },
            "labels": null,
            "metadata": {},
            "name": "sk-subnet",
            "network_id": "vpcnetwork-e00w0ztfbmy2ym3aj5",
            "parent_id": "project-e00kr4sdmr6h9qpy3rn77",
            "resource_version": 1,
            "status": {
              "ipv4_private_cidrs": [
                "192.168.0.0/16",
                "10.0.0.0/8"
              ],
              "ipv4_public_cidrs": null,
              "state": "READY"
            },
            "updated_at": null
          },
          "sensitive_attributes": [],
          "identity_schema_version": 0
        }
      ]
    },
    {
      "mode": "managed",
      "type": "terraform_data",
      "name": "check_nfs",
      "provider": "provider[\"terraform.io/builtin/terraform\"]",
      "instances": [
        {
          "schema_version": 0,
          "attributes": {
            "id": "607e38f0-1480-5853-f8f4-a5603bd63820",
            "input": null,
            "output": null,
            "triggers_replace": null
          },
          "sensitive_attributes": [],
          "identity_schema_version": 0,
          "dependencies": [
            "module.resources.data.units_data_size.k8s_ephemeral_storage_reserve",
            "terraform_data.check_region"
          ]
        }
      ]
    },
    {
      "mode": "managed",
      "type": "terraform_data",
      "name": "check_region",
      "provider": "provider[\"terraform.io/builtin/terraform\"]",
      "instances": [
        {
          "schema_version": 0,
          "attributes": {
            "id": "0abcd3f1-f8ed-a83d-cc6e-7654cb820056",
            "input": null,
            "output": null,
            "triggers_replace": null
          },
          "sensitive_attributes": [],
          "identity_schema_version": 0
        }
      ]
    },
    {
      "mode": "managed",
      "type": "terraform_data",
      "name": "check_slurm_nodeset",
      "provider": "provider[\"terraform.io/builtin/terraform\"]",
      "instances": [
        {
          "index_key": "controller",
          "schema_version": 0,
          "attributes": {
            "id": "184c7f34-a3d5-27bf-3e6f-ad15ee758a72",
            "input": null,
            "output": null,
            "triggers_replace": null
          },
          "sensitive_attributes": [],
          "identity_schema_version": 0,
          "dependencies": [
            "module.resources.data.units_data_size.k8s_ephemeral_storage_reserve",
            "terraform_data.check_region"
          ]
        },
        {
          "index_key": "login",
          "schema_version": 0,
          "attributes": {
            "id": "334269c1-1014-c7e5-a374-83c746f64e95",
            "input": null,
            "output": null,
            "triggers_replace": null
          },
          "sensitive_attributes": [],
          "identity_schema_version": 0,
          "dependencies": [
            "module.resources.data.units_data_size.k8s_ephemeral_storage_reserve",
            "terraform_data.check_region"
          ]
        },
        {
          "index_key": "system",
          "schema_version": 0,
          "attributes": {
            "id": "a86c04b8-a5ba-e4aa-7b91-52145c061493",
            "input": null,
            "output": null,
            "triggers_replace": null
          },
          "sensitive_attributes": [],
          "identity_schema_version": 0,
          "dependencies": [
            "module.resources.data.units_data_size.k8s_ephemeral_storage_reserve",
            "terraform_data.check_region"
          ]
        },
        {
          "index_key": "worker_0",
          "schema_version": 0,
          "attributes": {
            "id": "0fec34f4-5c13-7b48-2090-69493f57e21c",
            "input": null,
            "output": null,
            "triggers_replace": null
          },
          "sensitive_attributes": [],
          "identity_schema_version": 0,
          "dependencies": [
            "module.resources.data.units_data_size.k8s_ephemeral_storage_reserve",
            "terraform_data.check_region"
          ]
        }
      ]
    },
    {
      "mode": "managed",
      "type": "terraform_data",
      "name": "check_slurm_nodeset_accounting",
      "provider": "provider[\"terraform.io/builtin/terraform\"]",
      "instances": [
        {
          "schema_version": 0,
          "attributes": {
            "id": "30b15325-95fb-2cbe-4952-12cbb5360876",
            "input": null,
            "output": null,
            "triggers_replace": null
          },
          "sensitive_attributes": [],
          "identity_schema_version": 0
        }
      ]
    },
    {
      "mode": "managed",
      "type": "terraform_data",
      "name": "check_variables",
      "provider": "provider[\"terraform.io/builtin/terraform\"]",
      "instances": [
        {
          "schema_version": 0,
          "attributes": {
            "id": "724a0477-1ab2-5d1b-269d-2847708281b2",
            "input": null,
            "output": null,
            "triggers_replace": null
          },
          "sensitive_attributes": [],
          "identity_schema_version": 0,
          "dependencies": [
            "module.resources.data.units_data_size.k8s_ephemeral_storage_reserve",
            "terraform_data.check_nfs",
            "terraform_data.check_region",
            "terraform_data.check_slurm_nodeset",
            "terraform_data.check_slurm_nodeset_accounting"
          ]
        }
      ]
    },
    {
      "module": "module.backups[0]",
      "mode": "data",
      "type": "nebius_iam_v1_group",
      "name": "editors",
      "provider": "provider[\"terraform-provider.storage.eu-north1.nebius.cloud/nebius/nebius\"]",
      "instances": [
        {
          "schema_version": 0,
          "attributes": {
            "created_at": "2025-01-17T01:40:03.009701Z",
            "id": "group-e00z5q4vrds9gsgt1d",
            "labels": null,
            "metadata": {},
            "name": "editors",
            "parent_id": "tenant-e00txje2rqact2jtfd",
            "resource_version": null,
            "status": {
              "members_count": 2,
              "service_accounts_count": 1,
              "state": null,
              "tenant_user_accounts_count": 1
            },
            "updated_at": null
          },
          "sensitive_attributes": [],
          "identity_schema_version": 0
        }
      ]
    },
    {
      "module": "module.backups[0]",
      "mode": "managed",
      "type": "helm_release",
      "name": "backups_schedule",
      "provider": "provider[\"registry.terraform.io/hashicorp/helm\"]",
      "instances": [
        {
          "schema_version": 1,
          "attributes": {
            "atomic": false,
            "chart": "raw",
            "cleanup_on_fail": false,
            "create_namespace": false,
            "dependency_update": false,
            "description": null,
            "devel": null,
            "disable_crd_hooks": false,
            "disable_openapi_validation": false,
            "disable_webhooks": false,
            "force_update": false,
            "id": "jail-backup",
            "keyring": null,
            "lint": false,
            "manifest": null,
            "max_history": 0,
            "metadata": [
              {
                "app_version": "1.0.0",
                "chart": "raw",
                "first_deployed": 1753830230,
                "last_deployed": 1753830230,
                "name": "jail-backup",
                "namespace": "flux-system",
                "notes": "",
                "revision": 1,
                "values": "{\"resources\":[{\"apiVersion\":\"v1\",\"data\":{\"values.yaml\":\"backup:\\n  schedule:\\n    values:\\n      spec:\\n        backend:\\n          s3:\\n            endpoint: \\\"https://storage.eu-north1.nebius.cloud:443\\\"\\n            bucket: \\\"soperator-vlm-demo-backups\\\"\\n            accessKeyIDSecretRef:\\n              name: \\\"jail-backup\\\"\\n              key: aws-access-key-id\\n            secretAccessKeySecretRef:\\n              name: \\\"jail-backup\\\"\\n              key: aws-access-secret-key\\n          repoPasswordSecretRef:\\n            name: \\\"jail-backup\\\"\\n            key: backup-password\\n\\n        backup:\\n          schedule: \\\"@daily-random\\\"\\n          failedJobsHistoryLimit: 2\\n          successfulJobsHistoryLimit: 2\\n          concurrentRunsAllowed: false\\n          tags: [\\\"soperator-jail-schedule\\\"]\\n\\n        prune:\\n          schedule: \\\"@daily-random\\\"\\n          retention: {\\\"keepDaily\\\":7,\\\"tags\\\":[\\\"soperator-jail-schedule\\\"]}\\n\\n        podSecurityContext:\\n          runAsUser: 0\\n\"},\"kind\":\"ConfigMap\",\"metadata\":{\"name\":\"backup-schedule\"}}]}",
                "version": "2.0.0"
              }
            ],
            "name": "jail-backup",
            "namespace": "flux-system",
            "pass_credentials": false,
            "postrender": [],
            "recreate_pods": false,
            "render_subchart_notes": true,
            "replace": false,
            "repository": "https://bedag.github.io/helm-charts/",
            "repository_ca_file": null,
            "repository_cert_file": null,
            "repository_key_file": null,
            "repository_password": null,
            "repository_username": null,
            "reset_values": false,
            "reuse_values": false,
            "set": [],
            "set_list": [],
            "set_sensitive": [],
            "skip_crds": false,
            "status": "deployed",
            "timeout": 300,
            "upgrade_install": null,
            "values": [
              "resources:\n  - apiVersion: v1\n    kind: ConfigMap\n    metadata:\n      name: backup-schedule\n    data:\n      values.yaml: |\n        backup:\n          schedule:\n            values:\n              spec:\n                backend:\n                  s3:\n                    endpoint: \"https://storage.eu-north1.nebius.cloud:443\"\n                    bucket: \"soperator-vlm-demo-backups\"\n                    accessKeyIDSecretRef:\n                      name: \"jail-backup\"\n                      key: aws-access-key-id\n                    secretAccessKeySecretRef:\n                      name: \"jail-backup\"\n                      key: aws-access-secret-key\n                  repoPasswordSecretRef:\n                    name: \"jail-backup\"\n                    key: backup-password\n\n                backup:\n                  schedule: \"@daily-random\"\n                  failedJobsHistoryLimit: 2\n                  successfulJobsHistoryLimit: 2\n                  concurrentRunsAllowed: false\n                  tags: [\"soperator-jail-schedule\"]\n\n                prune:\n                  schedule: \"@daily-random\"\n                  retention: {\"keepDaily\":7,\"tags\":[\"soperator-jail-schedule\"]}\n\n                podSecurityContext:\n                  runAsUser: 0\n"
            ],
            "verify": false,
            "version": "2.0.0",
            "wait": true,
            "wait_for_jobs": false
          },
          "sensitive_attributes": [
            [
              {
                "type": "get_attr",
                "value": "repository_password"
              }
            ]
          ],
          "identity_schema_version": 0,
          "private": "eyJzY2hlbWFfdmVyc2lvbiI6IjEifQ==",
          "dependencies": [
            "data.nebius_compute_v1_filesystem.existing_jail",
            "data.nebius_iam_v1_project.this",
            "data.nebius_vpc_v1_subnet.this",
            "module.backups.nebius_iam_v1_service_account.backups_service_account",
            "module.backups.terraform_data.k8s_backups_bucket_access_secret",
            "module.backups_store.nebius_storage_v1_bucket.backups_bucket",
            "module.backups_store.terraform_data.cleanup_bucket",
            "module.cleanup.terraform_data.disk_cleanup",
            "module.filestore.data.nebius_compute_v1_filesystem.accounting",
            "module.filestore.data.nebius_compute_v1_filesystem.controller_spool",
            "module.filestore.data.nebius_compute_v1_filesystem.jail",
            "module.filestore.data.nebius_compute_v1_filesystem.jail_submount",
            "module.filestore.nebius_compute_v1_filesystem.accounting",
            "module.filestore.nebius_compute_v1_filesystem.controller_spool",
            "module.filestore.nebius_compute_v1_filesystem.jail",
            "module.filestore.nebius_compute_v1_filesystem.jail_submount",
            "module.fluxcd.terraform_data.flux2",
            "module.fluxcd.terraform_data.flux_namespace",
            "module.k8s.data.units_data_size.boot_disk_minimal",
            "module.k8s.module.resources.data.units_data_size.k8s_ephemeral_storage_reserve",
            "module.k8s.nebius_compute_v1_gpu_cluster.this",
            "module.k8s.nebius_mk8s_v1_cluster.this",
            "module.k8s.nebius_mk8s_v1_node_group.accounting",
            "module.k8s.nebius_mk8s_v1_node_group.controller",
            "module.k8s.nebius_mk8s_v1_node_group.login",
            "module.k8s.nebius_mk8s_v1_node_group.system",
            "module.k8s.nebius_mk8s_v1_node_group.worker",
            "module.k8s.nebius_vpc_v1_allocation.this",
            "module.k8s.terraform_data.check_resource_preset_sufficiency",
            "module.k8s.terraform_data.kubectl_cluster_context",
            "module.nfs-server.nebius_compute_v1_disk.nfs-boot-disk",
            "module.nfs-server.nebius_compute_v1_disk.nfs-storage-disk",
            "module.nfs-server.nebius_compute_v1_instance.nfs_server",
            "module.resources.data.units_data_size.k8s_ephemeral_storage_reserve",
            "terraform_data.check_nfs",
            "terraform_data.check_region",
            "terraform_data.check_slurm_nodeset",
            "terraform_data.check_slurm_nodeset_accounting",
            "terraform_data.check_variables"
          ]
        }
      ]
    },
    {
      "module": "module.backups[0]",
      "mode": "managed",
      "type": "nebius_iam_v1_group_membership",
      "name": "backups_service_account_group",
      "provider": "provider[\"terraform-provider.storage.eu-north1.nebius.cloud/nebius/nebius\"]",
      "instances": [
        {
          "schema_version": 0,
          "attributes": {
            "created_at": "2025-07-29T23:03:45.34698Z",
            "id": "groupmembership-e00kccs8yretmsyeyv",
            "labels": null,
            "member_id": "serviceaccount-e00w1gh8cdqmad266m",
            "metadata": {},
            "name": null,
            "parent_id": "group-e00z5q4vrds9gsgt1d",
            "resource_version": 0,
            "status": {},
            "updated_at": null
          },
          "sensitive_attributes": [],
          "identity_schema_version": 0,
          "dependencies": [
            "data.nebius_compute_v1_filesystem.existing_jail",
            "data.nebius_iam_v1_project.this",
            "data.nebius_vpc_v1_subnet.this",
            "module.backups.data.nebius_iam_v1_group.editors",
            "module.backups.nebius_iam_v1_service_account.backups_service_account",
            "module.cleanup.terraform_data.disk_cleanup",
            "module.filestore.data.nebius_compute_v1_filesystem.accounting",
            "module.filestore.data.nebius_compute_v1_filesystem.controller_spool",
            "module.filestore.data.nebius_compute_v1_filesystem.jail",
            "module.filestore.data.nebius_compute_v1_filesystem.jail_submount",
            "module.filestore.nebius_compute_v1_filesystem.accounting",
            "module.filestore.nebius_compute_v1_filesystem.controller_spool",
            "module.filestore.nebius_compute_v1_filesystem.jail",
            "module.filestore.nebius_compute_v1_filesystem.jail_submount",
            "module.k8s.data.units_data_size.boot_disk_minimal",
            "module.k8s.module.resources.data.units_data_size.k8s_ephemeral_storage_reserve",
            "module.k8s.nebius_compute_v1_gpu_cluster.this",
            "module.k8s.nebius_mk8s_v1_cluster.this",
            "module.k8s.nebius_mk8s_v1_node_group.accounting",
            "module.k8s.nebius_mk8s_v1_node_group.controller",
            "module.k8s.nebius_mk8s_v1_node_group.login",
            "module.k8s.nebius_mk8s_v1_node_group.system",
            "module.k8s.nebius_mk8s_v1_node_group.worker",
            "module.k8s.nebius_vpc_v1_allocation.this",
            "module.k8s.terraform_data.check_resource_preset_sufficiency",
            "module.k8s.terraform_data.kubectl_cluster_context",
            "module.nfs-server.nebius_compute_v1_disk.nfs-boot-disk",
            "module.nfs-server.nebius_compute_v1_disk.nfs-storage-disk",
            "module.nfs-server.nebius_compute_v1_instance.nfs_server",
            "module.resources.data.units_data_size.k8s_ephemeral_storage_reserve",
            "terraform_data.check_nfs",
            "terraform_data.check_region",
            "terraform_data.check_slurm_nodeset",
            "terraform_data.check_slurm_nodeset_accounting",
            "terraform_data.check_variables"
          ]
        }
      ]
    },
    {
      "module": "module.backups[0]",
      "mode": "managed",
      "type": "nebius_iam_v1_service_account",
      "name": "backups_service_account",
      "provider": "provider[\"terraform-provider.storage.eu-north1.nebius.cloud/nebius/nebius\"]",
      "instances": [
        {
          "schema_version": 0,
          "attributes": {
            "created_at": "2025-07-29T22:05:45.583558Z",
            "description": null,
            "id": "serviceaccount-e00w1gh8cdqmad266m",
            "labels": null,
            "metadata": {},
            "name": "soperator-vlm-demo-backup-sa",
            "parent_id": "project-e00kr4sdmr6h9qpy3rn77",
            "resource_version": 0,
            "status": {
              "active": true
            },
            "updated_at": null
          },
          "sensitive_attributes": [],
          "identity_schema_version": 0,
          "dependencies": [
            "data.nebius_compute_v1_filesystem.existing_jail",
            "data.nebius_iam_v1_project.this",
            "data.nebius_vpc_v1_subnet.this",
            "module.cleanup.terraform_data.disk_cleanup",
            "module.filestore.data.nebius_compute_v1_filesystem.accounting",
            "module.filestore.data.nebius_compute_v1_filesystem.controller_spool",
            "module.filestore.data.nebius_compute_v1_filesystem.jail",
            "module.filestore.data.nebius_compute_v1_filesystem.jail_submount",
            "module.filestore.nebius_compute_v1_filesystem.accounting",
            "module.filestore.nebius_compute_v1_filesystem.controller_spool",
            "module.filestore.nebius_compute_v1_filesystem.jail",
            "module.filestore.nebius_compute_v1_filesystem.jail_submount",
            "module.k8s.data.units_data_size.boot_disk_minimal",
            "module.k8s.module.resources.data.units_data_size.k8s_ephemeral_storage_reserve",
            "module.k8s.nebius_compute_v1_gpu_cluster.this",
            "module.k8s.nebius_mk8s_v1_cluster.this",
            "module.k8s.nebius_mk8s_v1_node_group.accounting",
            "module.k8s.nebius_mk8s_v1_node_group.controller",
            "module.k8s.nebius_mk8s_v1_node_group.login",
            "module.k8s.nebius_mk8s_v1_node_group.system",
            "module.k8s.nebius_mk8s_v1_node_group.worker",
            "module.k8s.nebius_vpc_v1_allocation.this",
            "module.k8s.terraform_data.check_resource_preset_sufficiency",
            "module.k8s.terraform_data.kubectl_cluster_context",
            "module.nfs-server.nebius_compute_v1_disk.nfs-boot-disk",
            "module.nfs-server.nebius_compute_v1_disk.nfs-storage-disk",
            "module.nfs-server.nebius_compute_v1_instance.nfs_server",
            "module.resources.data.units_data_size.k8s_ephemeral_storage_reserve",
            "terraform_data.check_nfs",
            "terraform_data.check_region",
            "terraform_data.check_slurm_nodeset",
            "terraform_data.check_slurm_nodeset_accounting",
            "terraform_data.check_variables"
          ]
        }
      ]
    },
    {
      "module": "module.backups[0]",
      "mode": "managed",
      "type": "terraform_data",
      "name": "k8s_backups_bucket_access_secret",
      "provider": "provider[\"terraform.io/builtin/terraform\"]",
      "instances": [
        {
          "schema_version": 0,
          "attributes": {
            "id": "0cfa6cc0-5389-aeb1-96b0-e3c62e6fe415",
            "input": null,
            "output": null,
            "triggers_replace": {
              "value": {
                "k8s_cluster_context": "nebius-vlm-demo-slurm",
                "namespace": "soperator",
                "secret_name": "jail-backup",
                "service_account_id": "serviceaccount-e00w1gh8cdqmad266m"
              },
              "type": [
                "object",
                {
                  "k8s_cluster_context": "string",
                  "namespace": "string",
                  "secret_name": "string",
                  "service_account_id": "string"
                }
              ]
            }
          },
          "sensitive_attributes": [],
          "identity_schema_version": 0,
          "dependencies": [
            "data.nebius_compute_v1_filesystem.existing_jail",
            "data.nebius_iam_v1_project.this",
            "data.nebius_vpc_v1_subnet.this",
            "module.backups.nebius_iam_v1_service_account.backups_service_account",
            "module.cleanup.terraform_data.disk_cleanup",
            "module.filestore.data.nebius_compute_v1_filesystem.accounting",
            "module.filestore.data.nebius_compute_v1_filesystem.controller_spool",
            "module.filestore.data.nebius_compute_v1_filesystem.jail",
            "module.filestore.data.nebius_compute_v1_filesystem.jail_submount",
            "module.filestore.nebius_compute_v1_filesystem.accounting",
            "module.filestore.nebius_compute_v1_filesystem.controller_spool",
            "module.filestore.nebius_compute_v1_filesystem.jail",
            "module.filestore.nebius_compute_v1_filesystem.jail_submount",
            "module.k8s.data.units_data_size.boot_disk_minimal",
            "module.k8s.module.resources.data.units_data_size.k8s_ephemeral_storage_reserve",
            "module.k8s.nebius_compute_v1_gpu_cluster.this",
            "module.k8s.nebius_mk8s_v1_cluster.this",
            "module.k8s.nebius_mk8s_v1_node_group.accounting",
            "module.k8s.nebius_mk8s_v1_node_group.controller",
            "module.k8s.nebius_mk8s_v1_node_group.login",
            "module.k8s.nebius_mk8s_v1_node_group.system",
            "module.k8s.nebius_mk8s_v1_node_group.worker",
            "module.k8s.nebius_vpc_v1_allocation.this",
            "module.k8s.terraform_data.check_resource_preset_sufficiency",
            "module.k8s.terraform_data.kubectl_cluster_context",
            "module.nfs-server.nebius_compute_v1_disk.nfs-boot-disk",
            "module.nfs-server.nebius_compute_v1_disk.nfs-storage-disk",
            "module.nfs-server.nebius_compute_v1_instance.nfs_server",
            "module.resources.data.units_data_size.k8s_ephemeral_storage_reserve",
            "terraform_data.check_nfs",
            "terraform_data.check_region",
            "terraform_data.check_slurm_nodeset",
            "terraform_data.check_slurm_nodeset_accounting",
            "terraform_data.check_variables"
          ]
        }
      ]
    },
    {
      "module": "module.backups_store[0]",
      "mode": "managed",
      "type": "nebius_storage_v1_bucket",
      "name": "backups_bucket",
      "provider": "provider[\"terraform-provider.storage.eu-north1.nebius.cloud/nebius/nebius\"]",
      "instances": [
        {
          "schema_version": 0,
          "attributes": {
            "created_at": "2025-07-29T22:15:54.26028Z",
            "default_storage_class": null,
            "id": "storagebucket-e001046553178769856146",
            "labels": null,
            "lifecycle_configuration": null,
            "max_size_bytes": null,
            "metadata": {},
            "name": "soperator-vlm-demo-backups",
            "override_storage_class": null,
            "parent_id": "project-e00kr4sdmr6h9qpy3rn77",
            "resource_version": 1,
            "status": {
              "counters": null,
              "deleted_at": null,
              "domain_name": "storage.eu-north1.nebius.cloud",
              "purge_at": null,
              "region": "eu-north1",
              "state": "ACTIVE",
              "suspension_state": "NOT_SUSPENDED"
            },
            "updated_at": "2025-07-29T22:15:55.924994Z",
            "versioning_policy": "DISABLED"
          },
          "sensitive_attributes": [],
          "identity_schema_version": 0,
          "dependencies": [
            "data.nebius_compute_v1_filesystem.existing_jail",
            "data.nebius_iam_v1_project.this",
            "data.nebius_vpc_v1_subnet.this",
            "module.cleanup.terraform_data.disk_cleanup",
            "module.filestore.data.nebius_compute_v1_filesystem.accounting",
            "module.filestore.data.nebius_compute_v1_filesystem.controller_spool",
            "module.filestore.data.nebius_compute_v1_filesystem.jail",
            "module.filestore.data.nebius_compute_v1_filesystem.jail_submount",
            "module.filestore.nebius_compute_v1_filesystem.accounting",
            "module.filestore.nebius_compute_v1_filesystem.controller_spool",
            "module.filestore.nebius_compute_v1_filesystem.jail",
            "module.filestore.nebius_compute_v1_filesystem.jail_submount",
            "module.fluxcd.terraform_data.flux2",
            "module.fluxcd.terraform_data.flux_namespace",
            "module.k8s.data.units_data_size.boot_disk_minimal",
            "module.k8s.module.resources.data.units_data_size.k8s_ephemeral_storage_reserve",
            "module.k8s.nebius_compute_v1_gpu_cluster.this",
            "module.k8s.nebius_mk8s_v1_cluster.this",
            "module.k8s.nebius_mk8s_v1_node_group.accounting",
            "module.k8s.nebius_mk8s_v1_node_group.controller",
            "module.k8s.nebius_mk8s_v1_node_group.login",
            "module.k8s.nebius_mk8s_v1_node_group.system",
            "module.k8s.nebius_mk8s_v1_node_group.worker",
            "module.k8s.nebius_vpc_v1_allocation.this",
            "module.k8s.terraform_data.check_resource_preset_sufficiency",
            "module.k8s.terraform_data.kubectl_cluster_context",
            "module.nfs-server.nebius_compute_v1_disk.nfs-boot-disk",
            "module.nfs-server.nebius_compute_v1_disk.nfs-storage-disk",
            "module.nfs-server.nebius_compute_v1_instance.nfs_server",
            "module.resources.data.units_data_size.k8s_ephemeral_storage_reserve",
            "terraform_data.check_nfs",
            "terraform_data.check_region",
            "terraform_data.check_slurm_nodeset",
            "terraform_data.check_slurm_nodeset_accounting",
            "terraform_data.check_variables"
          ]
        }
      ]
    },
    {
      "module": "module.backups_store[0]",
      "mode": "managed",
      "type": "terraform_data",
      "name": "cleanup_bucket",
      "provider": "provider[\"terraform.io/builtin/terraform\"]",
      "instances": []
    },
    {
      "module": "module.cleanup",
      "mode": "managed",
      "type": "terraform_data",
      "name": "disk_cleanup",
      "provider": "provider[\"terraform.io/builtin/terraform\"]",
      "instances": [
        {
          "schema_version": 0,
          "attributes": {
            "id": "4e366cb6-dca8-a500-a8e6-71ae427c5485",
            "input": null,
            "output": null,
            "triggers_replace": {
              "value": {
                "parent_id": "project-e00kr4sdmr6h9qpy3rn77"
              },
              "type": [
                "object",
                {
                  "parent_id": "string"
                }
              ]
            }
          },
          "sensitive_attributes": [],
          "identity_schema_version": 0
        }
      ]
    },
    {
      "module": "module.filestore",
      "mode": "data",
      "type": "nebius_compute_v1_filesystem",
      "name": "accounting",
      "provider": "provider[\"terraform-provider.storage.eu-north1.nebius.cloud/nebius/nebius\"]",
      "instances": []
    },
    {
      "module": "module.filestore",
      "mode": "data",
      "type": "nebius_compute_v1_filesystem",
      "name": "controller_spool",
      "provider": "provider[\"terraform-provider.storage.eu-north1.nebius.cloud/nebius/nebius\"]",
      "instances": []
    },
    {
      "module": "module.filestore",
      "mode": "data",
      "type": "nebius_compute_v1_filesystem",
      "name": "jail",
      "provider": "provider[\"terraform-provider.storage.eu-north1.nebius.cloud/nebius/nebius\"]",
      "instances": []
    },
    {
      "module": "module.filestore",
      "mode": "data",
      "type": "nebius_compute_v1_filesystem",
      "name": "jail_submount",
      "provider": "provider[\"terraform-provider.storage.eu-north1.nebius.cloud/nebius/nebius\"]",
      "instances": []
    },
    {
      "module": "module.filestore",
      "mode": "managed",
      "type": "nebius_compute_v1_filesystem",
      "name": "accounting",
      "provider": "provider[\"terraform-provider.storage.eu-north1.nebius.cloud/nebius/nebius\"]",
      "instances": [
        {
          "index_key": 0,
          "schema_version": 0,
          "attributes": {
            "block_size_bytes": 4096,
            "created_at": "2025-07-29T21:37:06.829849Z",
            "id": "computefilesystem-e00rt342sbx9r0v2bc",
            "labels": null,
            "metadata": {},
            "name": "soperator-vlm-demo-accounting",
            "parent_id": "project-e00kr4sdmr6h9qpy3rn77",
            "resource_version": 1,
            "size_bytes": 549755813888,
            "size_gibibytes": null,
            "size_kibibytes": null,
            "size_mebibytes": null,
            "status": {
              "block_size_bytes": 4096,
              "read_only_attachments": null,
              "read_write_attachments": [
                "computeinstance-e00k875wrq4chmnceg",
                "computeinstance-e00nb5ee71t91109en",
                "computeinstance-e00y3gc5k0qpxbs8y6"
              ],
              "reconciling": null,
              "size_bytes": 549755813888,
              "state": "READY",
              "state_description": null
            },
            "type": "NETWORK_SSD",
            "updated_at": null
          },
          "sensitive_attributes": [],
          "identity_schema_version": 0,
          "dependencies": [
            "data.nebius_iam_v1_project.this",
            "module.resources.data.units_data_size.k8s_ephemeral_storage_reserve",
            "terraform_data.check_nfs",
            "terraform_data.check_region",
            "terraform_data.check_slurm_nodeset",
            "terraform_data.check_slurm_nodeset_accounting",
            "terraform_data.check_variables"
          ]
        }
      ]
    },
    {
      "module": "module.filestore",
      "mode": "managed",
      "type": "nebius_compute_v1_filesystem",
      "name": "controller_spool",
      "provider": "provider[\"terraform-provider.storage.eu-north1.nebius.cloud/nebius/nebius\"]",
      "instances": [
        {
          "index_key": 0,
          "schema_version": 0,
          "attributes": {
            "block_size_bytes": 4096,
            "created_at": "2025-07-29T21:37:06.826848Z",
            "id": "computefilesystem-e00qpccj8smzeb2mft",
            "labels": null,
            "metadata": {},
            "name": "soperator-vlm-demo-controller-spool",
            "parent_id": "project-e00kr4sdmr6h9qpy3rn77",
            "resource_version": 1,
            "size_bytes": 137438953472,
            "size_gibibytes": null,
            "size_kibibytes": null,
            "size_mebibytes": null,
            "status": {
              "block_size_bytes": 4096,
              "read_only_attachments": null,
              "read_write_attachments": [
                "computeinstance-e00nb5ee71t91109en",
                "computeinstance-e00y3gc5k0qpxbs8y6"
              ],
              "reconciling": null,
              "size_bytes": 137438953472,
              "state": "READY",
              "state_description": null
            },
            "type": "NETWORK_SSD",
            "updated_at": null
          },
          "sensitive_attributes": [],
          "identity_schema_version": 0,
          "dependencies": [
            "data.nebius_iam_v1_project.this",
            "module.resources.data.units_data_size.k8s_ephemeral_storage_reserve",
            "terraform_data.check_nfs",
            "terraform_data.check_region",
            "terraform_data.check_slurm_nodeset",
            "terraform_data.check_slurm_nodeset_accounting",
            "terraform_data.check_variables"
          ]
        }
      ]
    },
    {
      "module": "module.filestore",
      "mode": "managed",
      "type": "nebius_compute_v1_filesystem",
      "name": "jail",
      "provider": "provider[\"terraform-provider.storage.eu-north1.nebius.cloud/nebius/nebius\"]",
      "instances": [
        {
          "index_key": 0,
          "schema_version": 0,
          "attributes": {
            "block_size_bytes": 4096,
            "created_at": "2025-07-29T21:37:06.83057Z",
            "id": "computefilesystem-e00byjmrkbfdwza47q",
            "labels": null,
            "metadata": {},
            "name": "soperator-vlm-demo-jail",
            "parent_id": "project-e00kr4sdmr6h9qpy3rn77",
            "resource_version": 1,
            "size_bytes": 4398046511104,
            "size_gibibytes": null,
            "size_kibibytes": null,
            "size_mebibytes": null,
            "status": {
              "block_size_bytes": 4096,
              "read_only_attachments": null,
              "read_write_attachments": [
                "computeinstance-e00avf4dnh7mmes3j3",
                "computeinstance-e00k875wrq4chmnceg",
                "computeinstance-e00zmfvn4awcmrmmk5",
                "computeinstance-e00gqw4w7wn9cb781d",
                "computeinstance-e00nb5ee71t91109en",
                "computeinstance-e00y3gc5k0qpxbs8y6",
                "computeinstance-e00yp69hzr9wvrj07t",
                "computeinstance-e00z9ksrvrpvc9m8sn",
                "computeinstance-e00m7grsrvhda9wnq1"
              ],
              "reconciling": null,
              "size_bytes": 4398046511104,
              "state": "READY",
              "state_description": null
            },
            "type": "NETWORK_SSD",
            "updated_at": null
          },
          "sensitive_attributes": [],
          "identity_schema_version": 0,
          "dependencies": [
            "data.nebius_iam_v1_project.this",
            "module.resources.data.units_data_size.k8s_ephemeral_storage_reserve",
            "terraform_data.check_nfs",
            "terraform_data.check_region",
            "terraform_data.check_slurm_nodeset",
            "terraform_data.check_slurm_nodeset_accounting",
            "terraform_data.check_variables"
          ]
        }
      ]
    },
    {
      "module": "module.filestore",
      "mode": "managed",
      "type": "nebius_compute_v1_filesystem",
      "name": "jail_submount",
      "provider": "provider[\"terraform-provider.storage.eu-north1.nebius.cloud/nebius/nebius\"]",
      "instances": [
        {
          "index_key": "datasets",
          "schema_version": 0,
          "attributes": {
            "block_size_bytes": 4096,
            "created_at": "2025-07-29T21:37:06.824886Z",
            "id": "computefilesystem-e00yqwykbtb25h2b55",
            "labels": null,
            "metadata": {},
            "name": "soperator-vlm-demo-jail-submount-datasets",
            "parent_id": "project-e00kr4sdmr6h9qpy3rn77",
            "resource_version": 1,
            "size_bytes": 1099511627776,
            "size_gibibytes": null,
            "size_kibibytes": null,
            "size_mebibytes": null,
            "status": {
              "block_size_bytes": 4096,
              "read_only_attachments": null,
              "read_write_attachments": [
                "computeinstance-e00avf4dnh7mmes3j3",
                "computeinstance-e00k875wrq4chmnceg",
                "computeinstance-e00zmfvn4awcmrmmk5",
                "computeinstance-e00gqw4w7wn9cb781d",
                "computeinstance-e00nb5ee71t91109en",
                "computeinstance-e00y3gc5k0qpxbs8y6",
                "computeinstance-e00yp69hzr9wvrj07t",
                "computeinstance-e00z9ksrvrpvc9m8sn",
                "computeinstance-e00m7grsrvhda9wnq1"
              ],
              "reconciling": null,
              "size_bytes": 1099511627776,
              "state": "READY",
              "state_description": null
            },
            "type": "NETWORK_SSD",
            "updated_at": null
          },
          "sensitive_attributes": [],
          "identity_schema_version": 0,
          "dependencies": [
            "data.nebius_iam_v1_project.this",
            "module.resources.data.units_data_size.k8s_ephemeral_storage_reserve",
            "terraform_data.check_nfs",
            "terraform_data.check_region",
            "terraform_data.check_slurm_nodeset",
            "terraform_data.check_slurm_nodeset_accounting",
            "terraform_data.check_variables"
          ]
        },
        {
          "index_key": "models",
          "schema_version": 0,
          "attributes": {
            "block_size_bytes": 4096,
            "created_at": "2025-07-29T21:37:06.826459Z",
            "id": "computefilesystem-e00gw316t5xf9pkm7r",
            "labels": null,
            "metadata": {},
            "name": "soperator-vlm-demo-jail-submount-models",
            "parent_id": "project-e00kr4sdmr6h9qpy3rn77",
            "resource_version": 1,
            "size_bytes": 2199023255552,
            "size_gibibytes": null,
            "size_kibibytes": null,
            "size_mebibytes": null,
            "status": {
              "block_size_bytes": 4096,
              "read_only_attachments": null,
              "read_write_attachments": [
                "computeinstance-e00avf4dnh7mmes3j3",
                "computeinstance-e00k875wrq4chmnceg",
                "computeinstance-e00zmfvn4awcmrmmk5",
                "computeinstance-e00gqw4w7wn9cb781d",
                "computeinstance-e00nb5ee71t91109en",
                "computeinstance-e00y3gc5k0qpxbs8y6",
                "computeinstance-e00yp69hzr9wvrj07t",
                "computeinstance-e00z9ksrvrpvc9m8sn",
                "computeinstance-e00m7grsrvhda9wnq1"
              ],
              "reconciling": null,
              "size_bytes": 2199023255552,
              "state": "READY",
              "state_description": null
            },
            "type": "NETWORK_SSD",
            "updated_at": null
          },
          "sensitive_attributes": [],
          "identity_schema_version": 0,
          "dependencies": [
            "data.nebius_iam_v1_project.this",
            "module.resources.data.units_data_size.k8s_ephemeral_storage_reserve",
            "terraform_data.check_nfs",
            "terraform_data.check_region",
            "terraform_data.check_slurm_nodeset",
            "terraform_data.check_slurm_nodeset_accounting",
            "terraform_data.check_variables"
          ]
        }
      ]
    },
    {
      "module": "module.fluxcd",
      "mode": "managed",
      "type": "terraform_data",
      "name": "flux2",
      "provider": "provider[\"terraform.io/builtin/terraform\"]",
      "instances": [
        {
          "schema_version": 0,
          "attributes": {
            "id": "598eb23d-90f5-73d1-8f44-a5543f2497e0",
            "input": null,
            "output": null,
            "triggers_replace": {
              "value": {
                "first_run": "true"
              },
              "type": [
                "object",
                {
                  "first_run": "string"
                }
              ]
            }
          },
          "sensitive_attributes": [],
          "identity_schema_version": 0,
          "dependencies": [
            "data.nebius_iam_v1_project.this",
            "data.nebius_vpc_v1_subnet.this",
            "module.cleanup.terraform_data.disk_cleanup",
            "module.filestore.data.nebius_compute_v1_filesystem.accounting",
            "module.filestore.data.nebius_compute_v1_filesystem.controller_spool",
            "module.filestore.data.nebius_compute_v1_filesystem.jail",
            "module.filestore.data.nebius_compute_v1_filesystem.jail_submount",
            "module.filestore.nebius_compute_v1_filesystem.accounting",
            "module.filestore.nebius_compute_v1_filesystem.controller_spool",
            "module.filestore.nebius_compute_v1_filesystem.jail",
            "module.filestore.nebius_compute_v1_filesystem.jail_submount",
            "module.fluxcd.terraform_data.flux_namespace",
            "module.k8s.data.units_data_size.boot_disk_minimal",
            "module.k8s.module.resources.data.units_data_size.k8s_ephemeral_storage_reserve",
            "module.k8s.nebius_compute_v1_gpu_cluster.this",
            "module.k8s.nebius_mk8s_v1_cluster.this",
            "module.k8s.nebius_mk8s_v1_node_group.accounting",
            "module.k8s.nebius_mk8s_v1_node_group.controller",
            "module.k8s.nebius_mk8s_v1_node_group.login",
            "module.k8s.nebius_mk8s_v1_node_group.system",
            "module.k8s.nebius_mk8s_v1_node_group.worker",
            "module.k8s.nebius_vpc_v1_allocation.this",
            "module.k8s.terraform_data.check_resource_preset_sufficiency",
            "module.k8s.terraform_data.kubectl_cluster_context",
            "module.nfs-server.nebius_compute_v1_disk.nfs-boot-disk",
            "module.nfs-server.nebius_compute_v1_disk.nfs-storage-disk",
            "module.nfs-server.nebius_compute_v1_instance.nfs_server",
            "module.resources.data.units_data_size.k8s_ephemeral_storage_reserve",
            "terraform_data.check_nfs",
            "terraform_data.check_region",
            "terraform_data.check_slurm_nodeset",
            "terraform_data.check_slurm_nodeset_accounting",
            "terraform_data.check_variables"
          ]
        }
      ]
    },
    {
      "module": "module.fluxcd",
      "mode": "managed",
      "type": "terraform_data",
      "name": "flux_namespace",
      "provider": "provider[\"terraform.io/builtin/terraform\"]",
      "instances": [
        {
          "schema_version": 0,
          "attributes": {
            "id": "14227b8e-84b7-5ab9-7a2c-034cec93cade",
            "input": null,
            "output": null,
            "triggers_replace": {
              "value": {
                "first_run": "true"
              },
              "type": [
                "object",
                {
                  "first_run": "string"
                }
              ]
            }
          },
          "sensitive_attributes": [],
          "identity_schema_version": 0,
          "dependencies": [
            "data.nebius_iam_v1_project.this",
            "data.nebius_vpc_v1_subnet.this",
            "module.cleanup.terraform_data.disk_cleanup",
            "module.filestore.data.nebius_compute_v1_filesystem.accounting",
            "module.filestore.data.nebius_compute_v1_filesystem.controller_spool",
            "module.filestore.data.nebius_compute_v1_filesystem.jail",
            "module.filestore.data.nebius_compute_v1_filesystem.jail_submount",
            "module.filestore.nebius_compute_v1_filesystem.accounting",
            "module.filestore.nebius_compute_v1_filesystem.controller_spool",
            "module.filestore.nebius_compute_v1_filesystem.jail",
            "module.filestore.nebius_compute_v1_filesystem.jail_submount",
            "module.k8s.data.units_data_size.boot_disk_minimal",
            "module.k8s.module.resources.data.units_data_size.k8s_ephemeral_storage_reserve",
            "module.k8s.nebius_compute_v1_gpu_cluster.this",
            "module.k8s.nebius_mk8s_v1_cluster.this",
            "module.k8s.nebius_mk8s_v1_node_group.accounting",
            "module.k8s.nebius_mk8s_v1_node_group.controller",
            "module.k8s.nebius_mk8s_v1_node_group.login",
            "module.k8s.nebius_mk8s_v1_node_group.system",
            "module.k8s.nebius_mk8s_v1_node_group.worker",
            "module.k8s.nebius_vpc_v1_allocation.this",
            "module.k8s.terraform_data.check_resource_preset_sufficiency",
            "module.k8s.terraform_data.kubectl_cluster_context",
            "module.nfs-server.nebius_compute_v1_disk.nfs-boot-disk",
            "module.nfs-server.nebius_compute_v1_disk.nfs-storage-disk",
            "module.nfs-server.nebius_compute_v1_instance.nfs_server",
            "module.resources.data.units_data_size.k8s_ephemeral_storage_reserve",
            "terraform_data.check_nfs",
            "terraform_data.check_region",
            "terraform_data.check_slurm_nodeset",
            "terraform_data.check_slurm_nodeset_accounting",
            "terraform_data.check_variables"
          ]
        }
      ]
    },
    {
      "module": "module.k8s",
      "mode": "data",
      "type": "units_data_size",
      "name": "boot_disk_minimal",
      "provider": "provider[\"registry.terraform.io/dstaroff/units\"]",
      "instances": [
        {
          "schema_version": 0,
          "attributes": {
            "bytes": 137438953472,
            "gibibytes": 128,
            "gigabytes": 137.438953472,
            "kibibytes": 134217728,
            "kilobytes": 137438953.472,
            "mebibytes": 131072,
            "megabytes": 137438.953472,
            "pebibytes": 0.0001220703125,
            "petabytes": 0.000137438953472,
            "tebibytes": 0.125,
            "terabytes": 0.137438953472
          },
          "sensitive_attributes": [],
          "identity_schema_version": 0
        }
      ]
    },
    {
      "module": "module.k8s",
      "mode": "managed",
      "type": "nebius_compute_v1_gpu_cluster",
      "name": "this",
      "provider": "provider[\"terraform-provider.storage.eu-north1.nebius.cloud/nebius/nebius\"]",
      "instances": [
        {
          "index_key": "0",
          "schema_version": 0,
          "attributes": {
            "created_at": "2025-07-29T21:37:56.095609Z",
            "id": "computegpucluster-e00q3yakyd58rs2b00",
            "infiniband_fabric": "fabric-2",
            "labels": null,
            "metadata": {},
            "name": "soperator-vlm-demo-0",
            "parent_id": "project-e00kr4sdmr6h9qpy3rn77",
            "resource_version": 1,
            "status": {
              "infiniband_topology_path": {
                "instances": [
                  {
                    "instance_id": "computeinstance-e00zmfvn4awcmrmmk5",
                    "path": [
                      "e513b54299c4d584a6b772d7e5fe5c48",
                      "318b58565da630d1a4dd76b6d855e885",
                      "0381908ba39e5042468f4fc7b94d2251"
                    ]
                  }
                ]
              },
              "instances": [
                "computeinstance-e00zmfvn4awcmrmmk5"
              ],
              "reconciling": null
            },
            "updated_at": null
          },
          "sensitive_attributes": [],
          "identity_schema_version": 0,
          "dependencies": [
            "data.nebius_iam_v1_project.this",
            "data.nebius_vpc_v1_subnet.this",
            "module.cleanup.terraform_data.disk_cleanup",
            "module.filestore.data.nebius_compute_v1_filesystem.accounting",
            "module.filestore.data.nebius_compute_v1_filesystem.controller_spool",
            "module.filestore.data.nebius_compute_v1_filesystem.jail",
            "module.filestore.data.nebius_compute_v1_filesystem.jail_submount",
            "module.filestore.nebius_compute_v1_filesystem.accounting",
            "module.filestore.nebius_compute_v1_filesystem.controller_spool",
            "module.filestore.nebius_compute_v1_filesystem.jail",
            "module.filestore.nebius_compute_v1_filesystem.jail_submount",
            "module.nfs-server.nebius_compute_v1_disk.nfs-boot-disk",
            "module.nfs-server.nebius_compute_v1_disk.nfs-storage-disk",
            "module.nfs-server.nebius_compute_v1_instance.nfs_server",
            "module.resources.data.units_data_size.k8s_ephemeral_storage_reserve",
            "terraform_data.check_nfs",
            "terraform_data.check_region",
            "terraform_data.check_slurm_nodeset",
            "terraform_data.check_slurm_nodeset_accounting",
            "terraform_data.check_variables"
          ]
        }
      ]
    },
    {
      "module": "module.k8s",
      "mode": "managed",
      "type": "nebius_mk8s_v1_cluster",
      "name": "this",
      "provider": "provider[\"terraform-provider.storage.eu-north1.nebius.cloud/nebius/nebius\"]",
      "instances": [
        {
          "schema_version": 0,
          "attributes": {
            "control_plane": {
              "endpoints": {
                "public_endpoint": {}
              },
              "etcd_cluster_size": 3,
              "subnet_id": "vpcsubnet-e00cdv85sdx302jzrs",
              "version": null
            },
            "created_at": "2025-07-29T21:37:57Z",
            "id": "mk8scluster-e00rprxp4wv6vrrbqq",
            "kube_network": null,
            "labels": null,
            "metadata": {},
            "name": "soperator-vlm-demo",
            "parent_id": "project-e00kr4sdmr6h9qpy3rn77",
            "resource_version": 1,
            "status": {
              "control_plane": {
                "auth": {
                  "cluster_ca_certificate": "-----BEGIN CERTIFICATE-----\nMIIC6jCCAdKgAwIBAgIBADANBgkqhkiG9w0BAQsFADAVMRMwEQYDVQQDEwprdWJl\ncm5ldGVzMB4XDTI1MDcyOTIxMzMyN1oXDTM1MDcyNzIxMzgyN1owFTETMBEGA1UE\nAxMKa3ViZXJuZXRlczCCASIwDQYJKoZIhvcNAQEBBQADggEPADCCAQoCggEBAL3g\nYpQy4dutd+jK0RrBQIiHI3iFaHgcPQwLQD+ZhQFS5bfDk1DvRvSiNFRWOBwU0AHj\nCvVkHyUk0JMNBysq6yPEZ970Lx0WWrBTlSOUNhMOYMuxL5LmS6cglJ9AQkajVzXJ\nm1I0FZmaEA4D3N5RI/U2n+axdHI1gKSByZvpkj/52EvQUvrwm9JUro5xlnTXSyN6\n1J9bW0CvDBiW13kiX2nScUsSZn3+XeydMojuB5stNy1ezNIYNlQAp7wu4/ZbitwI\npRTRH6HWJqbZQynuAf3mQ8GXBvYZtTRqEKrQvFO0+9M3bwjJN8su7PsnSLd0rOgK\nQLOnDtvRkcrAq08a/+cCAwEAAaNFMEMwDgYDVR0PAQH/BAQDAgKkMBIGA1UdEwEB\n/wQIMAYBAf8CAQAwHQYDVR0OBBYEFNhR89sqB5KX7/cA1+TemedVJJJOMA0GCSqG\nSIb3DQEBCwUAA4IBAQBHUZWq2p/KgYJMdMNl9IA99KZoz5o6JoKnaaXDaZRJNJ9H\nI+Rq9pki0DYFAGkYVWvWnkFKdZLlpauiaVS21/Ounpo5yAxICFGnefunLSl+gFWb\n55Om1dq5ULEeO+FehU1H44YhDPdKXzSLJLwXGNVy1Mjgnj5hxAtwB9UOnd/gLnzQ\nolmXc++81g6fXsuiUjqkeHJVRp7Nkqvh4COFArTZyHT3N5/5Cc7l2R5htIhj/jgH\nrlj5c0dJM2wbvjQXtNsia14dseXrKXARPqQw739tryslA5pvOWmYbbJYzbCjpGhr\nVhzW7yfDGH1ob0WlOr/741Ye7lGBH74SiPGfUcIo\n-----END CERTIFICATE-----\n"
                },
                "endpoints": {
                  "private_endpoint": "https://pr.mk8scluster-e00rprxp4wv6vrrbqq.mk8s.eu-north1.nebius.cloud:443",
                  "public_endpoint": "https://pu.mk8scluster-e00rprxp4wv6vrrbqq.mk8s.eu-north1.nebius.cloud:443"
                },
                "etcd_cluster_size": 3,
                "version": "1.31"
              },
              "reconciling": null,
              "state": "RUNNING"
            },
            "updated_at": "2025-07-29T21:37:57Z"
          },
          "sensitive_attributes": [],
          "identity_schema_version": 0,
          "dependencies": [
            "data.nebius_iam_v1_project.this",
            "data.nebius_vpc_v1_subnet.this",
            "module.cleanup.terraform_data.disk_cleanup",
            "module.filestore.data.nebius_compute_v1_filesystem.accounting",
            "module.filestore.data.nebius_compute_v1_filesystem.controller_spool",
            "module.filestore.data.nebius_compute_v1_filesystem.jail",
            "module.filestore.data.nebius_compute_v1_filesystem.jail_submount",
            "module.filestore.nebius_compute_v1_filesystem.accounting",
            "module.filestore.nebius_compute_v1_filesystem.controller_spool",
            "module.filestore.nebius_compute_v1_filesystem.jail",
            "module.filestore.nebius_compute_v1_filesystem.jail_submount",
            "module.nfs-server.nebius_compute_v1_disk.nfs-boot-disk",
            "module.nfs-server.nebius_compute_v1_disk.nfs-storage-disk",
            "module.nfs-server.nebius_compute_v1_instance.nfs_server",
            "module.resources.data.units_data_size.k8s_ephemeral_storage_reserve",
            "terraform_data.check_nfs",
            "terraform_data.check_region",
            "terraform_data.check_slurm_nodeset",
            "terraform_data.check_slurm_nodeset_accounting",
            "terraform_data.check_variables"
          ]
        }
      ]
    },
    {
      "module": "module.k8s",
      "mode": "managed",
      "type": "nebius_mk8s_v1_node_group",
      "name": "accounting",
      "provider": "provider[\"terraform-provider.storage.eu-north1.nebius.cloud/nebius/nebius\"]",
      "instances": [
        {
          "index_key": 0,
          "schema_version": 0,
          "attributes": {
            "autoscaling": null,
            "created_at": "2025-07-29T21:48:25Z",
            "fixed_node_count": 1,
            "id": "mk8snodegroup-e00b402heq8hzhw5q8",
            "labels": {
              "slurm.nebius.ai/jail": "true",
              "slurm.nebius.ai/nodeset": "accounting",
              "slurm.nebius.ai/workload": "cpu"
            },
            "metadata": {},
            "name": "accounting",
            "parent_id": "mk8scluster-e00rprxp4wv6vrrbqq",
            "resource_version": 1,
            "status": {
              "conditions": [
                {
                  "description": null,
                  "last_transition_at": "2025-07-29T21:49:57Z",
                  "last_transition_error": null,
                  "reason": null,
                  "severity": null,
                  "status": null,
                  "type": "Ready"
                },
                {
                  "description": null,
                  "last_transition_at": "2025-07-29T21:49:57Z",
                  "last_transition_error": null,
                  "reason": null,
                  "severity": null,
                  "status": null,
                  "type": "ComputeInstancesReady"
                },
                {
                  "description": null,
                  "last_transition_at": "2025-07-29T21:48:41Z",
                  "last_transition_error": null,
                  "reason": null,
                  "severity": null,
                  "status": null,
                  "type": "KubernetesNodesAddedToCluster"
                },
                {
                  "description": null,
                  "last_transition_at": "2025-07-29T21:50:46Z",
                  "last_transition_error": null,
                  "reason": null,
                  "severity": null,
                  "status": null,
                  "type": "KubernetesNodesReady"
                },
                {
                  "description": null,
                  "last_transition_at": "2025-07-29T21:50:46Z",
                  "last_transition_error": null,
                  "reason": null,
                  "severity": null,
                  "status": null,
                  "type": "Provisioned"
                },
                {
                  "description": null,
                  "last_transition_at": "2025-07-29T21:50:46Z",
                  "last_transition_error": null,
                  "reason": null,
                  "severity": null,
                  "status": null,
                  "type": "TemplateRefUpdated"
                }
              ],
              "node_count": 1,
              "outdated_node_count": null,
              "ready_node_count": 1,
              "reconciling": null,
              "state": "RUNNING",
              "target_node_count": 1,
              "version": "v1.31.9-nebius-node.37"
            },
            "strategy": null,
            "template": {
              "boot_disk": {
                "block_size_bytes": 4096,
                "size_bytes": 137438953472,
                "size_gibibytes": null,
                "size_kibibytes": null,
                "size_mebibytes": null,
                "type": "NETWORK_SSD"
              },
              "cloud_init_user_data": null,
              "filesystems": [
                {
                  "attach_mode": "READ_WRITE",
                  "existing_filesystem": {
                    "id": "computefilesystem-e00byjmrkbfdwza47q"
                  },
                  "mount_tag": "jail"
                },
                {
                  "attach_mode": "READ_WRITE",
                  "existing_filesystem": {
                    "id": "computefilesystem-e00yqwykbtb25h2b55"
                  },
                  "mount_tag": "jail-submount-datasets"
                },
                {
                  "attach_mode": "READ_WRITE",
                  "existing_filesystem": {
                    "id": "computefilesystem-e00gw316t5xf9pkm7r"
                  },
                  "mount_tag": "jail-submount-models"
                },
                {
                  "attach_mode": "READ_WRITE",
                  "existing_filesystem": {
                    "id": "computefilesystem-e00rt342sbx9r0v2bc"
                  },
                  "mount_tag": "accounting"
                }
              ],
              "gpu_cluster": null,
              "gpu_settings": null,
              "metadata": {
                "labels": {
                  "slurm.nebius.ai/jail": "true",
                  "slurm.nebius.ai/nodeset": "accounting",
                  "slurm.nebius.ai/workload": "cpu"
                }
              },
              "network_interfaces": [
                {
                  "public_ip_address": null,
                  "subnet_id": "vpcsubnet-e00cdv85sdx302jzrs"
                }
              ],
              "preemptible": null,
              "resources": {
                "platform": "cpu-d3",
                "preset": "8vcpu-32gb"
              },
              "service_account_id": null,
              "taints": [
                {
                  "effect": "NO_SCHEDULE",
                  "key": "slurm.nebius.ai/nodeset",
                  "value": "accounting"
                }
              ]
            },
            "updated_at": "2025-07-29T21:48:25Z",
            "version": null
          },
          "sensitive_attributes": [
            [
              {
                "type": "get_attr",
                "value": "template"
              },
              {
                "type": "get_attr",
                "value": "cloud_init_user_data"
              }
            ]
          ],
          "identity_schema_version": 0,
          "dependencies": [
            "data.nebius_iam_v1_project.this",
            "data.nebius_vpc_v1_subnet.this",
            "module.cleanup.terraform_data.disk_cleanup",
            "module.filestore.data.nebius_compute_v1_filesystem.accounting",
            "module.filestore.data.nebius_compute_v1_filesystem.controller_spool",
            "module.filestore.data.nebius_compute_v1_filesystem.jail",
            "module.filestore.data.nebius_compute_v1_filesystem.jail_submount",
            "module.filestore.nebius_compute_v1_filesystem.accounting",
            "module.filestore.nebius_compute_v1_filesystem.controller_spool",
            "module.filestore.nebius_compute_v1_filesystem.jail",
            "module.filestore.nebius_compute_v1_filesystem.jail_submount",
            "module.k8s.data.units_data_size.boot_disk_minimal",
            "module.k8s.module.resources.data.units_data_size.k8s_ephemeral_storage_reserve",
            "module.k8s.nebius_mk8s_v1_cluster.this",
            "module.k8s.terraform_data.check_resource_preset_sufficiency",
            "module.nfs-server.nebius_compute_v1_disk.nfs-boot-disk",
            "module.nfs-server.nebius_compute_v1_disk.nfs-storage-disk",
            "module.nfs-server.nebius_compute_v1_instance.nfs_server",
            "module.resources.data.units_data_size.k8s_ephemeral_storage_reserve",
            "terraform_data.check_nfs",
            "terraform_data.check_region",
            "terraform_data.check_slurm_nodeset",
            "terraform_data.check_slurm_nodeset_accounting",
            "terraform_data.check_variables"
          ]
        }
      ]
    },
    {
      "module": "module.k8s",
      "mode": "managed",
      "type": "nebius_mk8s_v1_node_group",
      "name": "controller",
      "provider": "provider[\"terraform-provider.storage.eu-north1.nebius.cloud/nebius/nebius\"]",
      "instances": [
        {
          "schema_version": 0,
          "attributes": {
            "autoscaling": null,
            "created_at": "2025-07-29T21:48:26Z",
            "fixed_node_count": 2,
            "id": "mk8snodegroup-e00q6e229e9cy9yf9s",
            "labels": {
              "slurm.nebius.ai/jail": "true",
              "slurm.nebius.ai/nodeset": "controller",
              "slurm.nebius.ai/workload": "cpu"
            },
            "metadata": {},
            "name": "controller",
            "parent_id": "mk8scluster-e00rprxp4wv6vrrbqq",
            "resource_version": 1,
            "status": {
              "conditions": [
                {
                  "description": null,
                  "last_transition_at": "2025-07-29T21:49:58Z",
                  "last_transition_error": null,
                  "reason": null,
                  "severity": null,
                  "status": null,
                  "type": "Ready"
                },
                {
                  "description": null,
                  "last_transition_at": "2025-07-29T21:49:58Z",
                  "last_transition_error": null,
                  "reason": null,
                  "severity": null,
                  "status": null,
                  "type": "ComputeInstancesReady"
                },
                {
                  "description": null,
                  "last_transition_at": "2025-07-29T21:48:41Z",
                  "last_transition_error": null,
                  "reason": null,
                  "severity": null,
                  "status": null,
                  "type": "KubernetesNodesAddedToCluster"
                },
                {
                  "description": null,
                  "last_transition_at": "2025-07-29T21:50:36Z",
                  "last_transition_error": null,
                  "reason": null,
                  "severity": null,
                  "status": null,
                  "type": "KubernetesNodesReady"
                },
                {
                  "description": null,
                  "last_transition_at": "2025-07-29T21:50:42Z",
                  "last_transition_error": null,
                  "reason": null,
                  "severity": null,
                  "status": null,
                  "type": "Provisioned"
                },
                {
                  "description": null,
                  "last_transition_at": "2025-07-29T21:50:42Z",
                  "last_transition_error": null,
                  "reason": null,
                  "severity": null,
                  "status": null,
                  "type": "TemplateRefUpdated"
                }
              ],
              "node_count": 2,
              "outdated_node_count": null,
              "ready_node_count": 2,
              "reconciling": null,
              "state": "RUNNING",
              "target_node_count": 2,
              "version": "v1.31.9-nebius-node.37"
            },
            "strategy": null,
            "template": {
              "boot_disk": {
                "block_size_bytes": 4096,
                "size_bytes": 274877906944,
                "size_gibibytes": null,
                "size_kibibytes": null,
                "size_mebibytes": null,
                "type": "NETWORK_SSD"
              },
              "cloud_init_user_data": null,
              "filesystems": [
                {
                  "attach_mode": "READ_WRITE",
                  "existing_filesystem": {
                    "id": "computefilesystem-e00qpccj8smzeb2mft"
                  },
                  "mount_tag": "controller-spool"
                },
                {
                  "attach_mode": "READ_WRITE",
                  "existing_filesystem": {
                    "id": "computefilesystem-e00byjmrkbfdwza47q"
                  },
                  "mount_tag": "jail"
                },
                {
                  "attach_mode": "READ_WRITE",
                  "existing_filesystem": {
                    "id": "computefilesystem-e00yqwykbtb25h2b55"
                  },
                  "mount_tag": "jail-submount-datasets"
                },
                {
                  "attach_mode": "READ_WRITE",
                  "existing_filesystem": {
                    "id": "computefilesystem-e00gw316t5xf9pkm7r"
                  },
                  "mount_tag": "jail-submount-models"
                },
                {
                  "attach_mode": "READ_WRITE",
                  "existing_filesystem": {
                    "id": "computefilesystem-e00rt342sbx9r0v2bc"
                  },
                  "mount_tag": "accounting"
                }
              ],
              "gpu_cluster": null,
              "gpu_settings": null,
              "metadata": {
                "labels": {
                  "slurm.nebius.ai/jail": "true",
                  "slurm.nebius.ai/nodeset": "controller",
                  "slurm.nebius.ai/workload": "cpu"
                }
              },
              "network_interfaces": [
                {
                  "public_ip_address": null,
                  "subnet_id": "vpcsubnet-e00cdv85sdx302jzrs"
                }
              ],
              "preemptible": null,
              "resources": {
                "platform": "cpu-d3",
                "preset": "4vcpu-16gb"
              },
              "service_account_id": null,
              "taints": [
                {
                  "effect": "NO_SCHEDULE",
                  "key": "slurm.nebius.ai/nodeset",
                  "value": "controller"
                }
              ]
            },
            "updated_at": "2025-07-29T21:48:26Z",
            "version": null
          },
          "sensitive_attributes": [
            [
              {
                "type": "get_attr",
                "value": "template"
              },
              {
                "type": "get_attr",
                "value": "cloud_init_user_data"
              }
            ]
          ],
          "identity_schema_version": 0,
          "dependencies": [
            "data.nebius_iam_v1_project.this",
            "data.nebius_vpc_v1_subnet.this",
            "module.cleanup.terraform_data.disk_cleanup",
            "module.filestore.data.nebius_compute_v1_filesystem.accounting",
            "module.filestore.data.nebius_compute_v1_filesystem.controller_spool",
            "module.filestore.data.nebius_compute_v1_filesystem.jail",
            "module.filestore.data.nebius_compute_v1_filesystem.jail_submount",
            "module.filestore.nebius_compute_v1_filesystem.accounting",
            "module.filestore.nebius_compute_v1_filesystem.controller_spool",
            "module.filestore.nebius_compute_v1_filesystem.jail",
            "module.filestore.nebius_compute_v1_filesystem.jail_submount",
            "module.k8s.data.units_data_size.boot_disk_minimal",
            "module.k8s.module.resources.data.units_data_size.k8s_ephemeral_storage_reserve",
            "module.k8s.nebius_mk8s_v1_cluster.this",
            "module.k8s.terraform_data.check_resource_preset_sufficiency",
            "module.nfs-server.nebius_compute_v1_disk.nfs-boot-disk",
            "module.nfs-server.nebius_compute_v1_disk.nfs-storage-disk",
            "module.nfs-server.nebius_compute_v1_instance.nfs_server",
            "module.resources.data.units_data_size.k8s_ephemeral_storage_reserve",
            "terraform_data.check_nfs",
            "terraform_data.check_region",
            "terraform_data.check_slurm_nodeset",
            "terraform_data.check_slurm_nodeset_accounting",
            "terraform_data.check_variables"
          ]
        }
      ]
    },
    {
      "module": "module.k8s",
      "mode": "managed",
      "type": "nebius_mk8s_v1_node_group",
      "name": "login",
      "provider": "provider[\"terraform-provider.storage.eu-north1.nebius.cloud/nebius/nebius\"]",
      "instances": [
        {
          "schema_version": 0,
          "attributes": {
            "autoscaling": null,
            "created_at": "2025-07-29T21:48:25Z",
            "fixed_node_count": 2,
            "id": "mk8snodegroup-e00v06rkrwbcpcagzb",
            "labels": {
              "slurm.nebius.ai/jail": "true",
              "slurm.nebius.ai/nodeset": "login",
              "slurm.nebius.ai/workload": "cpu"
            },
            "metadata": {},
            "name": "login",
            "parent_id": "mk8scluster-e00rprxp4wv6vrrbqq",
            "resource_version": 1,
            "status": {
              "conditions": [
                {
                  "description": null,
                  "last_transition_at": "2025-07-29T21:49:59Z",
                  "last_transition_error": null,
                  "reason": null,
                  "severity": null,
                  "status": null,
                  "type": "Ready"
                },
                {
                  "description": null,
                  "last_transition_at": "2025-07-29T21:49:59Z",
                  "last_transition_error": null,
                  "reason": null,
                  "severity": null,
                  "status": null,
                  "type": "ComputeInstancesReady"
                },
                {
                  "description": null,
                  "last_transition_at": "2025-07-29T21:48:41Z",
                  "last_transition_error": null,
                  "reason": null,
                  "severity": null,
                  "status": null,
                  "type": "KubernetesNodesAddedToCluster"
                },
                {
                  "description": null,
                  "last_transition_at": "2025-07-29T21:50:35Z",
                  "last_transition_error": null,
                  "reason": null,
                  "severity": null,
                  "status": null,
                  "type": "KubernetesNodesReady"
                },
                {
                  "description": null,
                  "last_transition_at": "2025-07-29T21:50:41Z",
                  "last_transition_error": null,
                  "reason": null,
                  "severity": null,
                  "status": null,
                  "type": "Provisioned"
                },
                {
                  "description": null,
                  "last_transition_at": "2025-07-29T21:50:41Z",
                  "last_transition_error": null,
                  "reason": null,
                  "severity": null,
                  "status": null,
                  "type": "TemplateRefUpdated"
                }
              ],
              "node_count": 2,
              "outdated_node_count": null,
              "ready_node_count": 2,
              "reconciling": null,
              "state": "RUNNING",
              "target_node_count": 2,
              "version": "v1.31.9-nebius-node.37"
            },
            "strategy": null,
            "template": {
              "boot_disk": {
                "block_size_bytes": 4096,
                "size_bytes": 274877906944,
                "size_gibibytes": null,
                "size_kibibytes": null,
                "size_mebibytes": null,
                "type": "NETWORK_SSD"
              },
              "cloud_init_user_data": null,
              "filesystems": [
                {
                  "attach_mode": "READ_WRITE",
                  "existing_filesystem": {
                    "id": "computefilesystem-e00byjmrkbfdwza47q"
                  },
                  "mount_tag": "jail"
                },
                {
                  "attach_mode": "READ_WRITE",
                  "existing_filesystem": {
                    "id": "computefilesystem-e00yqwykbtb25h2b55"
                  },
                  "mount_tag": "jail-submount-datasets"
                },
                {
                  "attach_mode": "READ_WRITE",
                  "existing_filesystem": {
                    "id": "computefilesystem-e00gw316t5xf9pkm7r"
                  },
                  "mount_tag": "jail-submount-models"
                }
              ],
              "gpu_cluster": null,
              "gpu_settings": null,
              "metadata": {
                "labels": {
                  "slurm.nebius.ai/jail": "true",
                  "slurm.nebius.ai/nodeset": "login",
                  "slurm.nebius.ai/workload": "cpu"
                }
              },
              "network_interfaces": [
                {
                  "public_ip_address": null,
                  "subnet_id": "vpcsubnet-e00cdv85sdx302jzrs"
                }
              ],
              "preemptible": null,
              "resources": {
                "platform": "cpu-d3",
                "preset": "32vcpu-128gb"
              },
              "service_account_id": null,
              "taints": [
                {
                  "effect": "NO_SCHEDULE",
                  "key": "slurm.nebius.ai/nodeset",
                  "value": "login"
                }
              ]
            },
            "updated_at": "2025-07-29T21:48:25Z",
            "version": null
          },
          "sensitive_attributes": [
            [
              {
                "type": "get_attr",
                "value": "template"
              },
              {
                "type": "get_attr",
                "value": "cloud_init_user_data"
              }
            ]
          ],
          "identity_schema_version": 0,
          "dependencies": [
            "data.nebius_iam_v1_project.this",
            "data.nebius_vpc_v1_subnet.this",
            "module.cleanup.terraform_data.disk_cleanup",
            "module.filestore.data.nebius_compute_v1_filesystem.accounting",
            "module.filestore.data.nebius_compute_v1_filesystem.controller_spool",
            "module.filestore.data.nebius_compute_v1_filesystem.jail",
            "module.filestore.data.nebius_compute_v1_filesystem.jail_submount",
            "module.filestore.nebius_compute_v1_filesystem.accounting",
            "module.filestore.nebius_compute_v1_filesystem.controller_spool",
            "module.filestore.nebius_compute_v1_filesystem.jail",
            "module.filestore.nebius_compute_v1_filesystem.jail_submount",
            "module.k8s.data.units_data_size.boot_disk_minimal",
            "module.k8s.module.resources.data.units_data_size.k8s_ephemeral_storage_reserve",
            "module.k8s.nebius_mk8s_v1_cluster.this",
            "module.k8s.terraform_data.check_resource_preset_sufficiency",
            "module.nfs-server.nebius_compute_v1_disk.nfs-boot-disk",
            "module.nfs-server.nebius_compute_v1_disk.nfs-storage-disk",
            "module.nfs-server.nebius_compute_v1_instance.nfs_server",
            "module.resources.data.units_data_size.k8s_ephemeral_storage_reserve",
            "terraform_data.check_nfs",
            "terraform_data.check_region",
            "terraform_data.check_slurm_nodeset",
            "terraform_data.check_slurm_nodeset_accounting",
            "terraform_data.check_variables"
          ]
        }
      ]
    },
    {
      "module": "module.k8s",
      "mode": "managed",
      "type": "nebius_mk8s_v1_node_group",
      "name": "system",
      "provider": "provider[\"terraform-provider.storage.eu-north1.nebius.cloud/nebius/nebius\"]",
      "instances": [
        {
          "schema_version": 0,
          "attributes": {
            "autoscaling": {
              "max_node_count": 9,
              "min_node_count": 3
            },
            "created_at": "2025-07-29T21:48:24Z",
            "fixed_node_count": null,
            "id": "mk8snodegroup-e00aw8zjmpsqj09x6v",
            "labels": {
              "slurm.nebius.ai/jail": "true",
              "slurm.nebius.ai/nodeset": "system",
              "slurm.nebius.ai/workload": "cpu"
            },
            "metadata": {},
            "name": "system",
            "parent_id": "mk8scluster-e00rprxp4wv6vrrbqq",
            "resource_version": 1,
            "status": {
              "conditions": [
                {
                  "description": null,
                  "last_transition_at": "2025-07-29T21:49:59Z",
                  "last_transition_error": null,
                  "reason": null,
                  "severity": null,
                  "status": null,
                  "type": "Ready"
                },
                {
                  "description": null,
                  "last_transition_at": "2025-07-29T21:49:59Z",
                  "last_transition_error": null,
                  "reason": null,
                  "severity": null,
                  "status": null,
                  "type": "ComputeInstancesReady"
                },
                {
                  "description": null,
                  "last_transition_at": "2025-07-29T21:48:41Z",
                  "last_transition_error": null,
                  "reason": null,
                  "severity": null,
                  "status": null,
                  "type": "KubernetesNodesAddedToCluster"
                },
                {
                  "description": null,
                  "last_transition_at": "2025-07-29T21:50:40Z",
                  "last_transition_error": null,
                  "reason": null,
                  "severity": null,
                  "status": null,
                  "type": "KubernetesNodesReady"
                },
                {
                  "description": null,
                  "last_transition_at": "2025-07-29T21:50:48Z",
                  "last_transition_error": null,
                  "reason": null,
                  "severity": null,
                  "status": null,
                  "type": "Provisioned"
                },
                {
                  "description": null,
                  "last_transition_at": "2025-07-29T21:50:48Z",
                  "last_transition_error": null,
                  "reason": null,
                  "severity": null,
                  "status": null,
                  "type": "TemplateRefUpdated"
                }
              ],
              "node_count": 3,
              "outdated_node_count": null,
              "ready_node_count": 3,
              "reconciling": null,
              "state": "RUNNING",
              "target_node_count": 3,
              "version": "v1.31.9-nebius-node.37"
            },
            "strategy": null,
            "template": {
              "boot_disk": {
                "block_size_bytes": 4096,
                "size_bytes": 206158430208,
                "size_gibibytes": null,
                "size_kibibytes": null,
                "size_mebibytes": null,
                "type": "NETWORK_SSD"
              },
              "cloud_init_user_data": null,
              "filesystems": [
                {
                  "attach_mode": "READ_WRITE",
                  "existing_filesystem": {
                    "id": "computefilesystem-e00byjmrkbfdwza47q"
                  },
                  "mount_tag": "jail"
                },
                {
                  "attach_mode": "READ_WRITE",
                  "existing_filesystem": {
                    "id": "computefilesystem-e00yqwykbtb25h2b55"
                  },
                  "mount_tag": "jail-submount-datasets"
                },
                {
                  "attach_mode": "READ_WRITE",
                  "existing_filesystem": {
                    "id": "computefilesystem-e00gw316t5xf9pkm7r"
                  },
                  "mount_tag": "jail-submount-models"
                }
              ],
              "gpu_cluster": null,
              "gpu_settings": null,
              "metadata": {
                "labels": {
                  "slurm.nebius.ai/jail": "true",
                  "slurm.nebius.ai/nodeset": "system",
                  "slurm.nebius.ai/workload": "cpu"
                }
              },
              "network_interfaces": [
                {
                  "public_ip_address": null,
                  "subnet_id": "vpcsubnet-e00cdv85sdx302jzrs"
                }
              ],
              "preemptible": null,
              "resources": {
                "platform": "cpu-d3",
                "preset": "8vcpu-32gb"
              },
              "service_account_id": null,
              "taints": null
            },
            "updated_at": "2025-07-29T21:48:24Z",
            "version": null
          },
          "sensitive_attributes": [
            [
              {
                "type": "get_attr",
                "value": "template"
              },
              {
                "type": "get_attr",
                "value": "cloud_init_user_data"
              }
            ]
          ],
          "identity_schema_version": 0,
          "dependencies": [
            "data.nebius_iam_v1_project.this",
            "data.nebius_vpc_v1_subnet.this",
            "module.cleanup.terraform_data.disk_cleanup",
            "module.filestore.data.nebius_compute_v1_filesystem.accounting",
            "module.filestore.data.nebius_compute_v1_filesystem.controller_spool",
            "module.filestore.data.nebius_compute_v1_filesystem.jail",
            "module.filestore.data.nebius_compute_v1_filesystem.jail_submount",
            "module.filestore.nebius_compute_v1_filesystem.accounting",
            "module.filestore.nebius_compute_v1_filesystem.controller_spool",
            "module.filestore.nebius_compute_v1_filesystem.jail",
            "module.filestore.nebius_compute_v1_filesystem.jail_submount",
            "module.k8s.data.units_data_size.boot_disk_minimal",
            "module.k8s.module.resources.data.units_data_size.k8s_ephemeral_storage_reserve",
            "module.k8s.nebius_mk8s_v1_cluster.this",
            "module.k8s.terraform_data.check_resource_preset_sufficiency",
            "module.nfs-server.nebius_compute_v1_disk.nfs-boot-disk",
            "module.nfs-server.nebius_compute_v1_disk.nfs-storage-disk",
            "module.nfs-server.nebius_compute_v1_instance.nfs_server",
            "module.resources.data.units_data_size.k8s_ephemeral_storage_reserve",
            "terraform_data.check_nfs",
            "terraform_data.check_region",
            "terraform_data.check_slurm_nodeset",
            "terraform_data.check_slurm_nodeset_accounting",
            "terraform_data.check_variables"
          ]
        }
      ]
    },
    {
      "module": "module.k8s",
      "mode": "managed",
      "type": "nebius_mk8s_v1_node_group",
      "name": "worker",
      "provider": "provider[\"terraform-provider.storage.eu-north1.nebius.cloud/nebius/nebius\"]",
      "instances": [
        {
          "index_key": 0,
          "schema_version": 0,
          "attributes": {
            "autoscaling": null,
            "created_at": "2025-07-29T21:48:25Z",
            "fixed_node_count": 1,
            "id": "mk8snodegroup-e00k8e79xcvzdhs8gp",
            "labels": {
              "slurm.nebius.ai/jail": "true",
              "slurm.nebius.ai/nodeset": "worker-0",
              "slurm.nebius.ai/workload": "gpu"
            },
            "metadata": {},
            "name": "worker-0-0",
            "parent_id": "mk8scluster-e00rprxp4wv6vrrbqq",
            "resource_version": 1,
            "status": {
              "conditions": [
                {
                  "description": null,
                  "last_transition_at": "2025-07-29T21:50:42Z",
                  "last_transition_error": null,
                  "reason": null,
                  "severity": null,
                  "status": null,
                  "type": "Ready"
                },
                {
                  "description": null,
                  "last_transition_at": "2025-07-29T21:50:42Z",
                  "last_transition_error": null,
                  "reason": null,
                  "severity": null,
                  "status": null,
                  "type": "ComputeInstancesReady"
                },
                {
                  "description": null,
                  "last_transition_at": "2025-07-29T21:48:41Z",
                  "last_transition_error": null,
                  "reason": null,
                  "severity": null,
                  "status": null,
                  "type": "KubernetesNodesAddedToCluster"
                },
                {
                  "description": null,
                  "last_transition_at": "2025-07-29T21:52:47Z",
                  "last_transition_error": null,
                  "reason": null,
                  "severity": null,
                  "status": null,
                  "type": "KubernetesNodesReady"
                },
                {
                  "description": null,
                  "last_transition_at": "2025-07-29T21:52:47Z",
                  "last_transition_error": null,
                  "reason": null,
                  "severity": null,
                  "status": null,
                  "type": "Provisioned"
                },
                {
                  "description": null,
                  "last_transition_at": "2025-07-29T21:52:47Z",
                  "last_transition_error": null,
                  "reason": null,
                  "severity": null,
                  "status": null,
                  "type": "TemplateRefUpdated"
                }
              ],
              "node_count": 1,
              "outdated_node_count": null,
              "ready_node_count": 1,
              "reconciling": null,
              "state": "RUNNING",
              "target_node_count": 1,
              "version": "v1.31.9-nebius-node.37"
            },
            "strategy": {
              "drain_timeout": null,
              "max_surge": null,
              "max_unavailable": {
                "count": null,
                "percent": 33
              }
            },
            "template": {
              "boot_disk": {
                "block_size_bytes": 4096,
                "size_bytes": 549755813888,
                "size_gibibytes": null,
                "size_kibibytes": null,
                "size_mebibytes": null,
                "type": "NETWORK_SSD"
              },
              "cloud_init_user_data": null,
              "filesystems": [
                {
                  "attach_mode": "READ_WRITE",
                  "existing_filesystem": {
                    "id": "computefilesystem-e00byjmrkbfdwza47q"
                  },
                  "mount_tag": "jail"
                },
                {
                  "attach_mode": "READ_WRITE",
                  "existing_filesystem": {
                    "id": "computefilesystem-e00yqwykbtb25h2b55"
                  },
                  "mount_tag": "jail-submount-datasets"
                },
                {
                  "attach_mode": "READ_WRITE",
                  "existing_filesystem": {
                    "id": "computefilesystem-e00gw316t5xf9pkm7r"
                  },
                  "mount_tag": "jail-submount-models"
                }
              ],
              "gpu_cluster": {
                "id": "computegpucluster-e00q3yakyd58rs2b00"
              },
              "gpu_settings": null,
              "metadata": {
                "labels": {
                  "nebius.com/gpu": "true",
                  "slurm.nebius.ai/jail": "true",
                  "slurm.nebius.ai/nodeset": "worker-0",
                  "slurm.nebius.ai/workload": "gpu"
                }
              },
              "network_interfaces": [
                {
                  "public_ip_address": null,
                  "subnet_id": "vpcsubnet-e00cdv85sdx302jzrs"
                }
              ],
              "preemptible": null,
              "resources": {
                "platform": "gpu-h100-sxm",
                "preset": "8gpu-128vcpu-1600gb"
              },
              "service_account_id": null,
              "taints": [
                {
                  "effect": "NO_SCHEDULE",
                  "key": "nvidia.com/gpu",
                  "value": "8"
                }
              ]
            },
            "updated_at": "2025-07-29T21:48:25Z",
            "version": null
          },
          "sensitive_attributes": [
            [
              {
                "type": "get_attr",
                "value": "template"
              },
              {
                "type": "get_attr",
                "value": "cloud_init_user_data"
              }
            ]
          ],
          "identity_schema_version": 0,
          "dependencies": [
            "data.nebius_iam_v1_project.this",
            "data.nebius_vpc_v1_subnet.this",
            "module.cleanup.terraform_data.disk_cleanup",
            "module.filestore.data.nebius_compute_v1_filesystem.accounting",
            "module.filestore.data.nebius_compute_v1_filesystem.controller_spool",
            "module.filestore.data.nebius_compute_v1_filesystem.jail",
            "module.filestore.data.nebius_compute_v1_filesystem.jail_submount",
            "module.filestore.nebius_compute_v1_filesystem.accounting",
            "module.filestore.nebius_compute_v1_filesystem.controller_spool",
            "module.filestore.nebius_compute_v1_filesystem.jail",
            "module.filestore.nebius_compute_v1_filesystem.jail_submount",
            "module.k8s.data.units_data_size.boot_disk_minimal",
            "module.k8s.module.resources.data.units_data_size.k8s_ephemeral_storage_reserve",
            "module.k8s.nebius_compute_v1_gpu_cluster.this",
            "module.k8s.nebius_mk8s_v1_cluster.this",
            "module.k8s.terraform_data.check_resource_preset_sufficiency",
            "module.nfs-server.nebius_compute_v1_disk.nfs-boot-disk",
            "module.nfs-server.nebius_compute_v1_disk.nfs-storage-disk",
            "module.nfs-server.nebius_compute_v1_instance.nfs_server",
            "module.resources.data.units_data_size.k8s_ephemeral_storage_reserve",
            "terraform_data.check_nfs",
            "terraform_data.check_region",
            "terraform_data.check_slurm_nodeset",
            "terraform_data.check_slurm_nodeset_accounting",
            "terraform_data.check_variables"
          ]
        }
      ]
    },
    {
      "module": "module.k8s",
      "mode": "managed",
      "type": "nebius_vpc_v1_allocation",
      "name": "this",
      "provider": "provider[\"terraform-provider.storage.eu-north1.nebius.cloud/nebius/nebius\"]",
      "instances": [
        {
          "schema_version": 0,
          "attributes": {
            "created_at": "2025-07-29T21:37:56.707941Z",
            "id": "vpcallocation-e00smvtj0verk1qmeg",
            "ipv4_private": null,
            "ipv4_public": {
              "cidr": "/32",
              "pool_id": null,
              "subnet_id": "vpcsubnet-e00cdv85sdx302jzrs"
            },
            "labels": null,
            "metadata": {},
            "name": "soperator-vlm-demo-static-ip",
            "parent_id": "project-e00kr4sdmr6h9qpy3rn77",
            "resource_version": 1,
            "status": {
              "assignment": null,
              "details": {
                "allocated_cidr": "89.169.110.159/32",
                "pool_id": "vpcpool-e00wxqgk92hg465eqy",
                "version": "IPV4"
              },
              "state": "ALLOCATED",
              "static": true
            },
            "updated_at": null
          },
          "sensitive_attributes": [],
          "identity_schema_version": 0,
          "dependencies": [
            "data.nebius_iam_v1_project.this",
            "data.nebius_vpc_v1_subnet.this",
            "module.cleanup.terraform_data.disk_cleanup",
            "module.filestore.data.nebius_compute_v1_filesystem.accounting",
            "module.filestore.data.nebius_compute_v1_filesystem.controller_spool",
            "module.filestore.data.nebius_compute_v1_filesystem.jail",
            "module.filestore.data.nebius_compute_v1_filesystem.jail_submount",
            "module.filestore.nebius_compute_v1_filesystem.accounting",
            "module.filestore.nebius_compute_v1_filesystem.controller_spool",
            "module.filestore.nebius_compute_v1_filesystem.jail",
            "module.filestore.nebius_compute_v1_filesystem.jail_submount",
            "module.nfs-server.nebius_compute_v1_disk.nfs-boot-disk",
            "module.nfs-server.nebius_compute_v1_disk.nfs-storage-disk",
            "module.nfs-server.nebius_compute_v1_instance.nfs_server",
            "module.resources.data.units_data_size.k8s_ephemeral_storage_reserve",
            "terraform_data.check_nfs",
            "terraform_data.check_region",
            "terraform_data.check_slurm_nodeset",
            "terraform_data.check_slurm_nodeset_accounting",
            "terraform_data.check_variables"
          ]
        }
      ]
    },
    {
      "module": "module.k8s",
      "mode": "managed",
      "type": "terraform_data",
      "name": "check_resource_preset_sufficiency",
      "provider": "provider[\"terraform.io/builtin/terraform\"]",
      "instances": [
        {
          "index_key": "0",
          "schema_version": 0,
          "attributes": {
            "id": "e0c24a51-5c73-bdd9-5f8c-d70dd489699b",
            "input": null,
            "output": null,
            "triggers_replace": null
          },
          "sensitive_attributes": [],
          "identity_schema_version": 0,
          "dependencies": [
            "data.nebius_iam_v1_project.this",
            "data.nebius_vpc_v1_subnet.this",
            "module.cleanup.terraform_data.disk_cleanup",
            "module.filestore.data.nebius_compute_v1_filesystem.accounting",
            "module.filestore.data.nebius_compute_v1_filesystem.controller_spool",
            "module.filestore.data.nebius_compute_v1_filesystem.jail",
            "module.filestore.data.nebius_compute_v1_filesystem.jail_submount",
            "module.filestore.nebius_compute_v1_filesystem.accounting",
            "module.filestore.nebius_compute_v1_filesystem.controller_spool",
            "module.filestore.nebius_compute_v1_filesystem.jail",
            "module.filestore.nebius_compute_v1_filesystem.jail_submount",
            "module.k8s.data.units_data_size.boot_disk_minimal",
            "module.k8s.module.resources.data.units_data_size.k8s_ephemeral_storage_reserve",
            "module.nfs-server.nebius_compute_v1_disk.nfs-boot-disk",
            "module.nfs-server.nebius_compute_v1_disk.nfs-storage-disk",
            "module.nfs-server.nebius_compute_v1_instance.nfs_server",
            "module.resources.data.units_data_size.k8s_ephemeral_storage_reserve",
            "terraform_data.check_nfs",
            "terraform_data.check_region",
            "terraform_data.check_slurm_nodeset",
            "terraform_data.check_slurm_nodeset_accounting",
            "terraform_data.check_variables"
          ]
        },
        {
          "index_key": "1",
          "schema_version": 0,
          "attributes": {
            "id": "8c8fbd89-f54d-08aa-aad9-d6e7d56927ae",
            "input": null,
            "output": null,
            "triggers_replace": null
          },
          "sensitive_attributes": [],
          "identity_schema_version": 0,
          "dependencies": [
            "data.nebius_iam_v1_project.this",
            "data.nebius_vpc_v1_subnet.this",
            "module.cleanup.terraform_data.disk_cleanup",
            "module.filestore.data.nebius_compute_v1_filesystem.accounting",
            "module.filestore.data.nebius_compute_v1_filesystem.controller_spool",
            "module.filestore.data.nebius_compute_v1_filesystem.jail",
            "module.filestore.data.nebius_compute_v1_filesystem.jail_submount",
            "module.filestore.nebius_compute_v1_filesystem.accounting",
            "module.filestore.nebius_compute_v1_filesystem.controller_spool",
            "module.filestore.nebius_compute_v1_filesystem.jail",
            "module.filestore.nebius_compute_v1_filesystem.jail_submount",
            "module.k8s.data.units_data_size.boot_disk_minimal",
            "module.k8s.module.resources.data.units_data_size.k8s_ephemeral_storage_reserve",
            "module.nfs-server.nebius_compute_v1_disk.nfs-boot-disk",
            "module.nfs-server.nebius_compute_v1_disk.nfs-storage-disk",
            "module.nfs-server.nebius_compute_v1_instance.nfs_server",
            "module.resources.data.units_data_size.k8s_ephemeral_storage_reserve",
            "terraform_data.check_nfs",
            "terraform_data.check_region",
            "terraform_data.check_slurm_nodeset",
            "terraform_data.check_slurm_nodeset_accounting",
            "terraform_data.check_variables"
          ]
        },
        {
          "index_key": "2",
          "schema_version": 0,
          "attributes": {
            "id": "1cebec4f-8db8-9af4-e0c8-ebfed6886adc",
            "input": null,
            "output": null,
            "triggers_replace": null
          },
          "sensitive_attributes": [],
          "identity_schema_version": 0,
          "dependencies": [
            "data.nebius_iam_v1_project.this",
            "data.nebius_vpc_v1_subnet.this",
            "module.cleanup.terraform_data.disk_cleanup",
            "module.filestore.data.nebius_compute_v1_filesystem.accounting",
            "module.filestore.data.nebius_compute_v1_filesystem.controller_spool",
            "module.filestore.data.nebius_compute_v1_filesystem.jail",
            "module.filestore.data.nebius_compute_v1_filesystem.jail_submount",
            "module.filestore.nebius_compute_v1_filesystem.accounting",
            "module.filestore.nebius_compute_v1_filesystem.controller_spool",
            "module.filestore.nebius_compute_v1_filesystem.jail",
            "module.filestore.nebius_compute_v1_filesystem.jail_submount",
            "module.k8s.data.units_data_size.boot_disk_minimal",
            "module.k8s.module.resources.data.units_data_size.k8s_ephemeral_storage_reserve",
            "module.nfs-server.nebius_compute_v1_disk.nfs-boot-disk",
            "module.nfs-server.nebius_compute_v1_disk.nfs-storage-disk",
            "module.nfs-server.nebius_compute_v1_instance.nfs_server",
            "module.resources.data.units_data_size.k8s_ephemeral_storage_reserve",
            "terraform_data.check_nfs",
            "terraform_data.check_region",
            "terraform_data.check_slurm_nodeset",
            "terraform_data.check_slurm_nodeset_accounting",
            "terraform_data.check_variables"
          ]
        },
        {
          "index_key": "3",
          "schema_version": 0,
          "attributes": {
            "id": "e37556b5-eedb-8818-d8a5-8d1fd12c3c99",
            "input": null,
            "output": null,
            "triggers_replace": null
          },
          "sensitive_attributes": [],
          "identity_schema_version": 0,
          "dependencies": [
            "data.nebius_iam_v1_project.this",
            "data.nebius_vpc_v1_subnet.this",
            "module.cleanup.terraform_data.disk_cleanup",
            "module.filestore.data.nebius_compute_v1_filesystem.accounting",
            "module.filestore.data.nebius_compute_v1_filesystem.controller_spool",
            "module.filestore.data.nebius_compute_v1_filesystem.jail",
            "module.filestore.data.nebius_compute_v1_filesystem.jail_submount",
            "module.filestore.nebius_compute_v1_filesystem.accounting",
            "module.filestore.nebius_compute_v1_filesystem.controller_spool",
            "module.filestore.nebius_compute_v1_filesystem.jail",
            "module.filestore.nebius_compute_v1_filesystem.jail_submount",
            "module.k8s.data.units_data_size.boot_disk_minimal",
            "module.k8s.module.resources.data.units_data_size.k8s_ephemeral_storage_reserve",
            "module.nfs-server.nebius_compute_v1_disk.nfs-boot-disk",
            "module.nfs-server.nebius_compute_v1_disk.nfs-storage-disk",
            "module.nfs-server.nebius_compute_v1_instance.nfs_server",
            "module.resources.data.units_data_size.k8s_ephemeral_storage_reserve",
            "terraform_data.check_nfs",
            "terraform_data.check_region",
            "terraform_data.check_slurm_nodeset",
            "terraform_data.check_slurm_nodeset_accounting",
            "terraform_data.check_variables"
          ]
        },
        {
          "index_key": "4",
          "schema_version": 0,
          "attributes": {
            "id": "6eca66c2-9641-089e-00fc-881baeb430ca",
            "input": null,
            "output": null,
            "triggers_replace": null
          },
          "sensitive_attributes": [],
          "identity_schema_version": 0,
          "dependencies": [
            "data.nebius_iam_v1_project.this",
            "data.nebius_vpc_v1_subnet.this",
            "module.cleanup.terraform_data.disk_cleanup",
            "module.filestore.data.nebius_compute_v1_filesystem.accounting",
            "module.filestore.data.nebius_compute_v1_filesystem.controller_spool",
            "module.filestore.data.nebius_compute_v1_filesystem.jail",
            "module.filestore.data.nebius_compute_v1_filesystem.jail_submount",
            "module.filestore.nebius_compute_v1_filesystem.accounting",
            "module.filestore.nebius_compute_v1_filesystem.controller_spool",
            "module.filestore.nebius_compute_v1_filesystem.jail",
            "module.filestore.nebius_compute_v1_filesystem.jail_submount",
            "module.k8s.data.units_data_size.boot_disk_minimal",
            "module.k8s.module.resources.data.units_data_size.k8s_ephemeral_storage_reserve",
            "module.nfs-server.nebius_compute_v1_disk.nfs-boot-disk",
            "module.nfs-server.nebius_compute_v1_disk.nfs-storage-disk",
            "module.nfs-server.nebius_compute_v1_instance.nfs_server",
            "module.resources.data.units_data_size.k8s_ephemeral_storage_reserve",
            "terraform_data.check_nfs",
            "terraform_data.check_region",
            "terraform_data.check_slurm_nodeset",
            "terraform_data.check_slurm_nodeset_accounting",
            "terraform_data.check_variables"
          ]
        }
      ]
    },
    {
      "module": "module.k8s",
      "mode": "managed",
      "type": "terraform_data",
      "name": "kubectl_cluster_context",
      "provider": "provider[\"terraform.io/builtin/terraform\"]",
      "instances": [
        {
          "schema_version": 0,
          "attributes": {
            "id": "d5723655-688e-bb27-1e3c-a16e149dc47e",
            "input": null,
            "output": null,
            "triggers_replace": {
              "value": [
                "mk8scluster-e00rprxp4wv6vrrbqq",
                "2025-07-29T23:03:44Z"
              ],
              "type": [
                "tuple",
                [
                  "string",
                  "string"
                ]
              ]
            }
          },
          "sensitive_attributes": [],
          "identity_schema_version": 0,
          "dependencies": [
            "data.nebius_iam_v1_project.this",
            "data.nebius_vpc_v1_subnet.this",
            "module.cleanup.terraform_data.disk_cleanup",
            "module.filestore.data.nebius_compute_v1_filesystem.accounting",
            "module.filestore.data.nebius_compute_v1_filesystem.controller_spool",
            "module.filestore.data.nebius_compute_v1_filesystem.jail",
            "module.filestore.data.nebius_compute_v1_filesystem.jail_submount",
            "module.filestore.nebius_compute_v1_filesystem.accounting",
            "module.filestore.nebius_compute_v1_filesystem.controller_spool",
            "module.filestore.nebius_compute_v1_filesystem.jail",
            "module.filestore.nebius_compute_v1_filesystem.jail_submount",
            "module.k8s.nebius_mk8s_v1_cluster.this",
            "module.nfs-server.nebius_compute_v1_disk.nfs-boot-disk",
            "module.nfs-server.nebius_compute_v1_disk.nfs-storage-disk",
            "module.nfs-server.nebius_compute_v1_instance.nfs_server",
            "module.resources.data.units_data_size.k8s_ephemeral_storage_reserve",
            "terraform_data.check_nfs",
            "terraform_data.check_region",
            "terraform_data.check_slurm_nodeset",
            "terraform_data.check_slurm_nodeset_accounting",
            "terraform_data.check_variables"
          ]
        }
      ]
    },
    {
      "module": "module.k8s.module.resources",
      "mode": "data",
      "type": "units_data_size",
      "name": "k8s_ephemeral_storage_reserve",
      "provider": "provider[\"registry.terraform.io/dstaroff/units\"]",
      "instances": [
        {
          "schema_version": 0,
          "attributes": {
            "bytes": 51539607552,
            "gibibytes": 48,
            "gigabytes": 51.539607552,
            "kibibytes": 50331648,
            "kilobytes": 51539607.552,
            "mebibytes": 49152,
            "megabytes": 51539.607552,
            "pebibytes": 0.0000457763671875,
            "petabytes": 0.000051539607552,
            "tebibytes": 0.046875,
            "terabytes": 0.051539607552
          },
          "sensitive_attributes": [],
          "identity_schema_version": 0
        }
      ]
    },
    {
      "module": "module.k8s_storage_class[0]",
      "mode": "managed",
      "type": "kubernetes_storage_class",
      "name": "storage_class",
      "provider": "provider[\"registry.terraform.io/hashicorp/kubernetes\"]",
      "instances": [
        {
          "index_key": "compute-csi-network-ssd-io-m3-ext4",
          "schema_version": 0,
          "attributes": {
            "allow_volume_expansion": true,
            "allowed_topologies": [],
            "id": "compute-csi-network-ssd-io-m3-ext4",
            "metadata": [
              {
                "annotations": {},
                "generate_name": "",
                "generation": 0,
                "labels": {},
                "name": "compute-csi-network-ssd-io-m3-ext4",
                "resource_version": "7572",
                "uid": "22a87b4c-6200-4985-8033-24adb6bc1339"
              }
            ],
            "mount_options": [],
            "parameters": {
              "csi.storage.k8s.io/fstype": "ext4",
              "type": "NETWORK_SSD_IO_M3"
            },
            "reclaim_policy": "Delete",
            "storage_provisioner": "compute.csi.nebius.com",
            "volume_binding_mode": "WaitForFirstConsumer"
          },
          "sensitive_attributes": [],
          "identity_schema_version": 0,
          "private": "bnVsbA==",
          "dependencies": [
            "data.nebius_iam_v1_project.this",
            "data.nebius_vpc_v1_subnet.this",
            "module.cleanup.terraform_data.disk_cleanup",
            "module.filestore.data.nebius_compute_v1_filesystem.accounting",
            "module.filestore.data.nebius_compute_v1_filesystem.controller_spool",
            "module.filestore.data.nebius_compute_v1_filesystem.jail",
            "module.filestore.data.nebius_compute_v1_filesystem.jail_submount",
            "module.filestore.nebius_compute_v1_filesystem.accounting",
            "module.filestore.nebius_compute_v1_filesystem.controller_spool",
            "module.filestore.nebius_compute_v1_filesystem.jail",
            "module.filestore.nebius_compute_v1_filesystem.jail_submount",
            "module.k8s.data.units_data_size.boot_disk_minimal",
            "module.k8s.module.resources.data.units_data_size.k8s_ephemeral_storage_reserve",
            "module.k8s.nebius_compute_v1_gpu_cluster.this",
            "module.k8s.nebius_mk8s_v1_cluster.this",
            "module.k8s.nebius_mk8s_v1_node_group.accounting",
            "module.k8s.nebius_mk8s_v1_node_group.controller",
            "module.k8s.nebius_mk8s_v1_node_group.login",
            "module.k8s.nebius_mk8s_v1_node_group.system",
            "module.k8s.nebius_mk8s_v1_node_group.worker",
            "module.k8s.nebius_vpc_v1_allocation.this",
            "module.k8s.terraform_data.check_resource_preset_sufficiency",
            "module.k8s.terraform_data.kubectl_cluster_context",
            "module.nfs-server.nebius_compute_v1_disk.nfs-boot-disk",
            "module.nfs-server.nebius_compute_v1_disk.nfs-storage-disk",
            "module.nfs-server.nebius_compute_v1_instance.nfs_server",
            "module.resources.data.units_data_size.k8s_ephemeral_storage_reserve",
            "terraform_data.check_nfs",
            "terraform_data.check_region",
            "terraform_data.check_slurm_nodeset",
            "terraform_data.check_slurm_nodeset_accounting",
            "terraform_data.check_variables"
          ]
        },
        {
          "index_key": "compute-csi-network-ssd-non-replicated-ext4",
          "schema_version": 0,
          "attributes": {
            "allow_volume_expansion": true,
            "allowed_topologies": [],
            "id": "compute-csi-network-ssd-non-replicated-ext4",
            "metadata": [
              {
                "annotations": {},
                "generate_name": "",
                "generation": 0,
                "labels": {},
                "name": "compute-csi-network-ssd-non-replicated-ext4",
                "resource_version": "7573",
                "uid": "26c24b47-0908-4515-8a01-a3faa6e0c857"
              }
            ],
            "mount_options": [],
            "parameters": {
              "csi.storage.k8s.io/fstype": "ext4",
              "type": "NETWORK_SSD_NON_REPLICATED"
            },
            "reclaim_policy": "Delete",
            "storage_provisioner": "compute.csi.nebius.com",
            "volume_binding_mode": "WaitForFirstConsumer"
          },
          "sensitive_attributes": [],
          "identity_schema_version": 0,
          "private": "bnVsbA==",
          "dependencies": [
            "data.nebius_iam_v1_project.this",
            "data.nebius_vpc_v1_subnet.this",
            "module.cleanup.terraform_data.disk_cleanup",
            "module.filestore.data.nebius_compute_v1_filesystem.accounting",
            "module.filestore.data.nebius_compute_v1_filesystem.controller_spool",
            "module.filestore.data.nebius_compute_v1_filesystem.jail",
            "module.filestore.data.nebius_compute_v1_filesystem.jail_submount",
            "module.filestore.nebius_compute_v1_filesystem.accounting",
            "module.filestore.nebius_compute_v1_filesystem.controller_spool",
            "module.filestore.nebius_compute_v1_filesystem.jail",
            "module.filestore.nebius_compute_v1_filesystem.jail_submount",
            "module.k8s.data.units_data_size.boot_disk_minimal",
            "module.k8s.module.resources.data.units_data_size.k8s_ephemeral_storage_reserve",
            "module.k8s.nebius_compute_v1_gpu_cluster.this",
            "module.k8s.nebius_mk8s_v1_cluster.this",
            "module.k8s.nebius_mk8s_v1_node_group.accounting",
            "module.k8s.nebius_mk8s_v1_node_group.controller",
            "module.k8s.nebius_mk8s_v1_node_group.login",
            "module.k8s.nebius_mk8s_v1_node_group.system",
            "module.k8s.nebius_mk8s_v1_node_group.worker",
            "module.k8s.nebius_vpc_v1_allocation.this",
            "module.k8s.terraform_data.check_resource_preset_sufficiency",
            "module.k8s.terraform_data.kubectl_cluster_context",
            "module.nfs-server.nebius_compute_v1_disk.nfs-boot-disk",
            "module.nfs-server.nebius_compute_v1_disk.nfs-storage-disk",
            "module.nfs-server.nebius_compute_v1_instance.nfs_server",
            "module.resources.data.units_data_size.k8s_ephemeral_storage_reserve",
            "terraform_data.check_nfs",
            "terraform_data.check_region",
            "terraform_data.check_slurm_nodeset",
            "terraform_data.check_slurm_nodeset_accounting",
            "terraform_data.check_variables"
          ]
        }
      ]
    },
    {
      "module": "module.nfs-server[0]",
      "mode": "managed",
      "type": "nebius_compute_v1_disk",
      "name": "nfs-boot-disk",
      "provider": "provider[\"terraform-provider.storage.eu-north1.nebius.cloud/nebius/nebius\"]",
      "instances": [
        {
          "schema_version": 0,
          "attributes": {
            "block_size_bytes": 4096,
            "created_at": "2025-07-29T21:37:06.82233Z",
            "disk_encryption": null,
            "id": "computedisk-e00f23jqxh3cby0srv",
            "labels": null,
            "metadata": {},
            "name": "nfs-boot-disk-soperator-vlm-demo",
            "parent_id": "project-e00kr4sdmr6h9qpy3rn77",
            "resource_version": 1,
            "size_bytes": 64424509440,
            "size_gibibytes": null,
            "size_kibibytes": null,
            "size_mebibytes": null,
            "source_image_family": {
              "image_family": "ubuntu22.04-driverless",
              "parent_id": null
            },
            "source_image_id": null,
            "status": {
              "block_size_bytes": 4096,
              "read_only_attachments": null,
              "read_write_attachment": "computeinstance-e00sb73ec1netw8atp",
              "reconciling": null,
              "size_bytes": 64424509440,
              "source_image_cpu_architecture": "AMD64",
              "source_image_id": "computeimage-e00cqv7nj32kzq8ppc",
              "state": "READY",
              "state_description": null
            },
            "type": "NETWORK_SSD",
            "updated_at": null
          },
          "sensitive_attributes": [],
          "identity_schema_version": 0,
          "dependencies": [
            "data.nebius_iam_v1_project.this"
          ]
        }
      ]
    },
    {
      "module": "module.nfs-server[0]",
      "mode": "managed",
      "type": "nebius_compute_v1_disk",
      "name": "nfs-storage-disk",
      "provider": "provider[\"terraform-provider.storage.eu-north1.nebius.cloud/nebius/nebius\"]",
      "instances": [
        {
          "schema_version": 0,
          "attributes": {
            "block_size_bytes": 4096,
            "created_at": "2025-07-29T21:37:06.822457Z",
            "disk_encryption": null,
            "id": "computedisk-e00wcdw56vh95gt4ng",
            "labels": null,
            "metadata": {},
            "name": "nfs-storage-disk-soperator-vlm-demo",
            "parent_id": "project-e00kr4sdmr6h9qpy3rn77",
            "resource_version": 1,
            "size_bytes": 3994319585280,
            "size_gibibytes": null,
            "size_kibibytes": null,
            "size_mebibytes": null,
            "source_image_family": null,
            "source_image_id": null,
            "status": {
              "block_size_bytes": 4096,
              "read_only_attachments": null,
              "read_write_attachment": "computeinstance-e00sb73ec1netw8atp",
              "reconciling": null,
              "size_bytes": 3994319585280,
              "source_image_cpu_architecture": null,
              "source_image_id": null,
              "state": "READY",
              "state_description": null
            },
            "type": "NETWORK_SSD_IO_M3",
            "updated_at": null
          },
          "sensitive_attributes": [],
          "identity_schema_version": 0,
          "dependencies": [
            "data.nebius_iam_v1_project.this"
          ]
        }
      ]
    },
    {
      "module": "module.nfs-server[0]",
      "mode": "managed",
      "type": "nebius_compute_v1_instance",
      "name": "nfs_server",
      "provider": "provider[\"terraform-provider.storage.eu-north1.nebius.cloud/nebius/nebius\"]",
      "instances": [
        {
          "schema_version": 0,
          "attributes": {
            "boot_disk": {
              "attach_mode": "READ_WRITE",
              "device_id": null,
              "existing_disk": {
                "id": "computedisk-e00f23jqxh3cby0srv"
              }
            },
            "cloud_init_user_data": "#cloud-config\npackage_update: true\npackage_upgrade: false\npackages:\n  - nfs-kernel-server\n\nusers:\n  - name: soperator\n    groups: sudo\n    shell: /bin/bash\n    sudo: 'ALL=(ALL) NOPASSWD:ALL'\n    ssh-authorized-keys:\n      - ssh-rsa AAAAB3NzaC1yc2EAAAADAQABAAACAQDPY8ypmUc/CU7HJVcvR2cih9PjFPeZKdmlwb/VSkcuxc0kXZ+tOdhGAQnL+kaqJ3EDhGnK3iGQvwCAjBFnZKjoCxwwWnwivzjmkOGmahNL9O/tj0bGDJwWosTz4GuJLShRHXqqHPL1TClpHPrPK7e1Xrxaq1ZOXl2K6UVtyQYYFWgRKLQJ7PIagBJxDxFxakcNuSgYLyHYafHh4vqj2QTSpcZHaqcUS/CXexuib8uRcMXs6epiUw7uLr8v6ZFozfrNidjHWpGG1/qHNhBHfoe64UAFi9EIfPmy9pZ4ZVqpIXAFrqXbYMmrR7WUt5WellNkDkkWXzKZD22tCYxJnW/6tNWTi5MOGJeETSrWKmy9YmtpFNjcXcVxGMzUyyYHqJp4cD3WN+4ijKrlyiBCTn1n+DxLCVHIxkr6jjLLY4TOYRIA37rjyxsVYewn+SX2//aqq0K/EC6kCTpDWE6ybdNxCqUvrD65Q43PP1/3VCPIYPhv6O0GZZ39VDewm2jkI9uh6VZMmYZ6qbBbWDxiDGV/8tmWieKlEPUrx14oMH1JlEE2UGy/OPjwLmX0w8EOioyU4XAfuaKmAhaN2KpPv5wT4u5dx3v8Z/WXKcN0WmgRPvuHJjiyktsa+/7weNgP5uuKrvVpRUcBC0VuWw2Qh5g3qCsGUzR1iYH6Z5Z+P1P+YQ== saaagesh@gmail.com\n\ndisk_setup:\n  /dev/disk/by-id/virtio-nfs-disk: # hardcoded device-label: nfs-disk\n    table_type: gpt\n    layout: true\n\nfs_setup:\n  - device: /dev/disk/by-id/virtio-nfs-disk-part1 # hardcoded device-label: nfs-disk\n    filesystem: ext4\n\nmounts:\n  - [ /dev/disk/by-id/virtio-nfs-disk, /home, ext4, \"defaults,relatime,rw\", \"0\", \"0\" ] # hardcoded device-label: nfs-disk\n\nwrite_files:\n  - path: /etc/exports\n    content: |\n      /home 192.168.0.0/16(rw,async,no_subtree_check,no_root_squash)\n    append: true\n\nruncmd:  \n  # Prepare pnfs mountpoint\n  - mkdir -p /home\n  \n  # Configure permissions\n  - chown nobody:nogroup /home\n  - chmod 777 /home\n  \n  # Configure NFS export\n  - echo \"/home 192.168.0.0/16(rw,async,no_subtree_check,no_root_squash)\" \u003e\u003e /etc/exports\n\n  # Restart NFS service\n  - systemctl restart nfs-kernel-server\n",
            "created_at": "2025-07-29T21:37:13.360849Z",
            "filesystems": null,
            "gpu_cluster": null,
            "hostname": null,
            "id": "computeinstance-e00sb73ec1netw8atp",
            "labels": null,
            "metadata": {},
            "name": "soperator-vlm-demo-nfs-server",
            "network_interfaces": [
              {
                "ip_address": {
                  "allocation_id": null
                },
                "name": "eth0",
                "public_ip_address": null,
                "subnet_id": "vpcsubnet-e00cdv85sdx302jzrs"
              }
            ],
            "parent_id": "project-e00kr4sdmr6h9qpy3rn77",
            "preemptible": null,
            "recovery_policy": null,
            "resource_version": 1,
            "resources": {
              "platform": "cpu-d3",
              "preset": "32vcpu-128gb"
            },
            "secondary_disks": [
              {
                "attach_mode": "READ_WRITE",
                "device_id": "nfs-disk",
                "existing_disk": {
                  "id": "computedisk-e00wcdw56vh95gt4ng"
                }
              }
            ],
            "service_account_id": null,
            "status": {
              "infiniband_topology_path": null,
              "maintenance_event_id": null,
              "network_interfaces": [
                {
                  "fqdn": "computeinstance-e00sb73ec1netw8atp.vpcnetwork-e00w0ztfbmy2ym3aj5.compute.internal.",
                  "index": null,
                  "ip_address": {
                    "address": "192.168.0.40/32",
                    "allocation_id": "vpcallocation-e00j1zdwv1xhnj3bsk"
                  },
                  "mac_address": "06:54:1D:1A:03:91",
                  "name": "eth0",
                  "public_ip_address": null
                }
              ],
              "reconciling": null,
              "state": "RUNNING"
            },
            "stopped": null,
            "updated_at": null
          },
          "sensitive_attributes": [
            [
              {
                "type": "get_attr",
                "value": "cloud_init_user_data"
              }
            ]
          ],
          "identity_schema_version": 0,
          "dependencies": [
            "data.nebius_iam_v1_project.this",
            "data.nebius_vpc_v1_subnet.this",
            "module.nfs-server.nebius_compute_v1_disk.nfs-boot-disk",
            "module.nfs-server.nebius_compute_v1_disk.nfs-storage-disk"
          ]
        }
      ]
    },
    {
      "module": "module.nvidia_operator_gpu[0]",
      "mode": "managed",
      "type": "nebius_applications_v1alpha1_k8s_release",
      "name": "this",
      "provider": "provider[\"terraform-provider.storage.eu-north1.nebius.cloud/nebius/nebius\"]",
      "instances": [
        {
          "schema_version": 0,
          "attributes": {
            "application_name": "gpu-operator",
            "cluster_id": "mk8scluster-e00rprxp4wv6vrrbqq",
            "created_at": "2025-07-29T22:15:36.675Z",
            "id": "applicationrelease-e00h0qa7q74gxbb3q1",
            "labels": null,
            "metadata": {},
            "name": null,
            "namespace": "gpu-operator",
            "parent_id": "project-e00kr4sdmr6h9qpy3rn77",
            "product_slug": "nebius/nvidia-gpu-operator",
            "resource_version": 0,
            "sensitive": null,
            "set": {
              "dcgmExporter.enabled": "false",
              "dcgmExporter.serviceMonitor.enabled": "false",
              "dcgmExporter.serviceMonitor.honorLabels": "false",
              "dcgmExporter.serviceMonitor.relabelings[0].action": "replace",
              "dcgmExporter.serviceMonitor.relabelings[0].regex": "nvidia-dcgm-exporter",
              "dcgmExporter.serviceMonitor.relabelings[0].replacement": "dcgm-exporter",
              "dcgmExporter.serviceMonitor.relabelings[0].sourceLabels[0]": "__meta_kubernetes_pod_label_app",
              "dcgmExporter.serviceMonitor.relabelings[0].targetLabel": "app_kubernetes_io_name",
              "mig.strategy": null
            },
            "status": {
              "error_message": null,
              "state": "DEPLOYED"
            },
            "updated_at": null,
            "values": null
          },
          "sensitive_attributes": [
            [
              {
                "type": "get_attr",
                "value": "sensitive"
              }
            ],
            [
              {
                "type": "get_attr",
                "value": "set"
              }
            ],
            [
              {
                "type": "get_attr",
                "value": "values"
              }
            ]
          ],
          "identity_schema_version": 0,
          "dependencies": [
            "data.nebius_iam_v1_project.this",
            "data.nebius_vpc_v1_subnet.this",
            "module.cleanup.terraform_data.disk_cleanup",
            "module.filestore.data.nebius_compute_v1_filesystem.accounting",
            "module.filestore.data.nebius_compute_v1_filesystem.controller_spool",
            "module.filestore.data.nebius_compute_v1_filesystem.jail",
            "module.filestore.data.nebius_compute_v1_filesystem.jail_submount",
            "module.filestore.nebius_compute_v1_filesystem.accounting",
            "module.filestore.nebius_compute_v1_filesystem.controller_spool",
            "module.filestore.nebius_compute_v1_filesystem.jail",
            "module.filestore.nebius_compute_v1_filesystem.jail_submount",
            "module.k8s.data.units_data_size.boot_disk_minimal",
            "module.k8s.module.resources.data.units_data_size.k8s_ephemeral_storage_reserve",
            "module.k8s.nebius_compute_v1_gpu_cluster.this",
            "module.k8s.nebius_mk8s_v1_cluster.this",
            "module.k8s.nebius_mk8s_v1_node_group.accounting",
            "module.k8s.nebius_mk8s_v1_node_group.controller",
            "module.k8s.nebius_mk8s_v1_node_group.login",
            "module.k8s.nebius_mk8s_v1_node_group.system",
            "module.k8s.nebius_mk8s_v1_node_group.worker",
            "module.k8s.nebius_vpc_v1_allocation.this",
            "module.k8s.terraform_data.check_resource_preset_sufficiency",
            "module.k8s.terraform_data.kubectl_cluster_context",
            "module.nfs-server.nebius_compute_v1_disk.nfs-boot-disk",
            "module.nfs-server.nebius_compute_v1_disk.nfs-storage-disk",
            "module.nfs-server.nebius_compute_v1_instance.nfs_server",
            "module.nvidia_operator_network.nebius_applications_v1alpha1_k8s_release.this",
            "module.resources.data.units_data_size.k8s_ephemeral_storage_reserve",
            "terraform_data.check_nfs",
            "terraform_data.check_region",
            "terraform_data.check_slurm_nodeset",
            "terraform_data.check_slurm_nodeset_accounting",
            "terraform_data.check_variables"
          ]
        }
      ]
    },
    {
      "module": "module.nvidia_operator_network[0]",
      "mode": "managed",
      "type": "nebius_applications_v1alpha1_k8s_release",
      "name": "this",
      "provider": "provider[\"terraform-provider.storage.eu-north1.nebius.cloud/nebius/nebius\"]",
      "instances": [
        {
          "schema_version": 0,
          "attributes": {
            "application_name": "network-operator",
            "cluster_id": "mk8scluster-e00rprxp4wv6vrrbqq",
            "created_at": "2025-07-29T22:05:45.600259Z",
            "id": "applicationrelease-e00hzdstj4yphecm5v",
            "labels": null,
            "metadata": {},
            "name": null,
            "namespace": "network-operator",
            "parent_id": "project-e00kr4sdmr6h9qpy3rn77",
            "product_slug": "nebius/nvidia-network-operator",
            "resource_version": 0,
            "sensitive": null,
            "set": {
              "operator.ofedDriver.livenessProbe.enabled": "false",
              "operator.resources.limits.cpu": "500m",
              "operator.resources.limits.memory": "1280Mi"
            },
            "status": {
              "error_message": null,
              "state": "DEPLOYED"
            },
            "updated_at": null,
            "values": null
          },
          "sensitive_attributes": [
            [
              {
                "type": "get_attr",
                "value": "sensitive"
              }
            ],
            [
              {
                "type": "get_attr",
                "value": "set"
              }
            ],
            [
              {
                "type": "get_attr",
                "value": "values"
              }
            ]
          ],
          "identity_schema_version": 0,
          "dependencies": [
            "data.nebius_iam_v1_project.this",
            "data.nebius_vpc_v1_subnet.this",
            "module.cleanup.terraform_data.disk_cleanup",
            "module.filestore.data.nebius_compute_v1_filesystem.accounting",
            "module.filestore.data.nebius_compute_v1_filesystem.controller_spool",
            "module.filestore.data.nebius_compute_v1_filesystem.jail",
            "module.filestore.data.nebius_compute_v1_filesystem.jail_submount",
            "module.filestore.nebius_compute_v1_filesystem.accounting",
            "module.filestore.nebius_compute_v1_filesystem.controller_spool",
            "module.filestore.nebius_compute_v1_filesystem.jail",
            "module.filestore.nebius_compute_v1_filesystem.jail_submount",
            "module.k8s.data.units_data_size.boot_disk_minimal",
            "module.k8s.module.resources.data.units_data_size.k8s_ephemeral_storage_reserve",
            "module.k8s.nebius_compute_v1_gpu_cluster.this",
            "module.k8s.nebius_mk8s_v1_cluster.this",
            "module.k8s.nebius_mk8s_v1_node_group.accounting",
            "module.k8s.nebius_mk8s_v1_node_group.controller",
            "module.k8s.nebius_mk8s_v1_node_group.login",
            "module.k8s.nebius_mk8s_v1_node_group.system",
            "module.k8s.nebius_mk8s_v1_node_group.worker",
            "module.k8s.nebius_vpc_v1_allocation.this",
            "module.k8s.terraform_data.check_resource_preset_sufficiency",
            "module.k8s.terraform_data.kubectl_cluster_context",
            "module.nfs-server.nebius_compute_v1_disk.nfs-boot-disk",
            "module.nfs-server.nebius_compute_v1_disk.nfs-storage-disk",
            "module.nfs-server.nebius_compute_v1_instance.nfs_server",
            "module.resources.data.units_data_size.k8s_ephemeral_storage_reserve",
            "terraform_data.check_nfs",
            "terraform_data.check_region",
            "terraform_data.check_slurm_nodeset",
            "terraform_data.check_slurm_nodeset_accounting",
            "terraform_data.check_variables"
          ]
        }
      ]
    },
    {
      "module": "module.o11y[0]",
      "mode": "managed",
      "type": "terraform_data",
      "name": "o11y_static_key_secret",
      "provider": "provider[\"terraform.io/builtin/terraform\"]",
      "instances": [
        {
          "status": "tainted",
          "schema_version": 0,
          "attributes": {
            "id": "16727c3d-a6f1-1eee-5992-8fe56597d5fe",
            "input": null,
            "output": null,
            "triggers_replace": {
              "value": {
                "k8s_cluster_context": "nebius-vlm-demo-slurm",
                "o11y_iam_group_id": "group-e00z5q4vrds9gsgt1d",
                "o11y_iam_project_id": "project-e00kr4sdmr6h9qpy3rn77",
                "o11y_iam_tenant_id": "tenant-e00txje2rqact2jtfd",
                "o11y_profile": "sk-profile",
                "o11y_secret_logs_namespace": "logs-system",
                "o11y_secret_monitoring_namespace": "monitoring-system",
                "o11y_secret_name": "o11y-writer-sa-token",
                "region": "eu-north1",
                "service_account_name": "o11y-slurm-vlm-demo-eu-north1-tenant-e00txje2rqact2jtfd-project-e00kr4sdmr6h9qpy3rn77"
              },
              "type": [
                "object",
                {
                  "k8s_cluster_context": "string",
                  "o11y_iam_group_id": "string",
                  "o11y_iam_project_id": "string",
                  "o11y_iam_tenant_id": "string",
                  "o11y_profile": "string",
                  "o11y_secret_logs_namespace": "string",
                  "o11y_secret_monitoring_namespace": "string",
                  "o11y_secret_name": "string",
                  "region": "string",
                  "service_account_name": "string"
                }
              ]
            }
          },
          "sensitive_attributes": [],
          "identity_schema_version": 0,
          "dependencies": [
            "data.nebius_iam_v1_project.this",
            "data.nebius_vpc_v1_subnet.this",
            "module.cleanup.terraform_data.disk_cleanup",
            "module.filestore.data.nebius_compute_v1_filesystem.accounting",
            "module.filestore.data.nebius_compute_v1_filesystem.controller_spool",
            "module.filestore.data.nebius_compute_v1_filesystem.jail",
            "module.filestore.data.nebius_compute_v1_filesystem.jail_submount",
            "module.filestore.nebius_compute_v1_filesystem.accounting",
            "module.filestore.nebius_compute_v1_filesystem.controller_spool",
            "module.filestore.nebius_compute_v1_filesystem.jail",
            "module.filestore.nebius_compute_v1_filesystem.jail_submount",
            "module.k8s.data.units_data_size.boot_disk_minimal",
            "module.k8s.module.resources.data.units_data_size.k8s_ephemeral_storage_reserve",
            "module.k8s.nebius_compute_v1_gpu_cluster.this",
            "module.k8s.nebius_mk8s_v1_cluster.this",
            "module.k8s.nebius_mk8s_v1_node_group.accounting",
            "module.k8s.nebius_mk8s_v1_node_group.controller",
            "module.k8s.nebius_mk8s_v1_node_group.login",
            "module.k8s.nebius_mk8s_v1_node_group.system",
            "module.k8s.nebius_mk8s_v1_node_group.worker",
            "module.k8s.nebius_vpc_v1_allocation.this",
            "module.k8s.terraform_data.check_resource_preset_sufficiency",
            "module.k8s.terraform_data.kubectl_cluster_context",
            "module.nfs-server.nebius_compute_v1_disk.nfs-boot-disk",
            "module.nfs-server.nebius_compute_v1_disk.nfs-storage-disk",
            "module.nfs-server.nebius_compute_v1_instance.nfs_server",
            "module.resources.data.units_data_size.k8s_ephemeral_storage_reserve",
            "terraform_data.check_nfs",
            "terraform_data.check_region",
            "terraform_data.check_slurm_nodeset",
            "terraform_data.check_slurm_nodeset_accounting",
            "terraform_data.check_variables"
          ]
        }
      ]
    },
    {
      "module": "module.resources",
      "mode": "data",
      "type": "units_data_size",
      "name": "k8s_ephemeral_storage_reserve",
      "provider": "provider[\"registry.terraform.io/dstaroff/units\"]",
      "instances": [
        {
          "schema_version": 0,
          "attributes": {
            "bytes": 51539607552,
            "gibibytes": 48,
            "gigabytes": 51.539607552,
            "kibibytes": 50331648,
            "kilobytes": 51539607.552,
            "mebibytes": 49152,
            "megabytes": 51539.607552,
            "pebibytes": 0.0000457763671875,
            "petabytes": 0.000051539607552,
            "tebibytes": 0.046875,
            "terabytes": 0.051539607552
          },
          "sensitive_attributes": [],
          "identity_schema_version": 0
        }
      ]
    }
  ],
  "check_results": [
    {
      "object_kind": "var",
      "config_addr": "module.k8s.var.node_group_accounting",
      "status": "pass",
      "objects": [
        {
          "object_addr": "module.k8s.var.node_group_accounting",
          "status": "pass"
        }
      ]
    },
    {
      "object_kind": "var",
      "config_addr": "module.filestore.var.jail_submounts",
      "status": "pass",
      "objects": [
        {
          "object_addr": "module.filestore.var.jail_submounts",
          "status": "pass"
        }
      ]
    },
    {
      "object_kind": "resource",
      "config_addr": "module.slurm.terraform_data.check_worker_nodesets",
      "status": "unknown",
      "objects": [
        {
          "object_addr": "module.slurm.terraform_data.check_worker_nodesets",
          "status": "unknown"
        }
      ]
    },
    {
      "object_kind": "var",
      "config_addr": "var.slurm_nodeset_workers",
      "status": "pass",
      "objects": [
        {
          "object_addr": "var.slurm_nodeset_workers",
          "status": "pass"
        }
      ]
    },
    {
      "object_kind": "var",
      "config_addr": "var.node_local_image_disk",
      "status": "pass",
      "objects": [
        {
          "object_addr": "var.node_local_image_disk",
          "status": "pass"
        }
      ]
    },
    {
      "object_kind": "var",
      "config_addr": "var.o11y_iam_project_id",
      "status": "pass",
      "objects": [
        {
          "object_addr": "var.o11y_iam_project_id",
          "status": "pass"
        }
      ]
    },
    {
      "object_kind": "var",
      "config_addr": "module.nvidia_operator_gpu.var.mig_strategy",
      "status": "pass",
      "objects": [
        {
          "object_addr": "module.nvidia_operator_gpu[0].var.mig_strategy",
          "status": "pass"
        }
      ]
    },
    {
      "object_kind": "resource",
      "config_addr": "module.k8s.terraform_data.check_resource_preset_sufficiency",
      "status": "pass",
      "objects": [
        {
          "object_addr": "module.k8s.terraform_data.check_resource_preset_sufficiency[\"2\"]",
          "status": "pass"
        },
        {
          "object_addr": "module.k8s.terraform_data.check_resource_preset_sufficiency[\"3\"]",
          "status": "pass"
        },
        {
          "object_addr": "module.k8s.terraform_data.check_resource_preset_sufficiency[\"4\"]",
          "status": "pass"
        },
        {
          "object_addr": "module.k8s.terraform_data.check_resource_preset_sufficiency[\"0\"]",
          "status": "pass"
        },
        {
          "object_addr": "module.k8s.terraform_data.check_resource_preset_sufficiency[\"1\"]",
          "status": "pass"
        }
      ]
    },
    {
      "object_kind": "var",
      "config_addr": "var.node_local_jail_submounts",
      "status": "pass",
      "objects": [
        {
          "object_addr": "var.node_local_jail_submounts",
          "status": "pass"
        }
      ]
    },
    {
      "object_kind": "resource",
      "config_addr": "module.k8s.nebius_mk8s_v1_node_group.worker",
      "status": "pass",
      "objects": [
        {
          "object_addr": "module.k8s.nebius_mk8s_v1_node_group.worker[0]",
          "status": "pass"
        }
      ]
    },
    {
      "object_kind": "var",
      "config_addr": "var.o11y_iam_group_id",
      "status": "pass",
      "objects": [
        {
          "object_addr": "var.o11y_iam_group_id",
          "status": "pass"
        }
      ]
    },
    {
      "object_kind": "var",
      "config_addr": "var.o11y_iam_tenant_id",
      "status": "pass",
      "objects": [
        {
          "object_addr": "var.o11y_iam_tenant_id",
          "status": "pass"
        }
      ]
    },
    {
      "object_kind": "var",
      "config_addr": "var.slurm_partition_config_type",
      "status": "pass",
      "objects": [
        {
          "object_addr": "var.slurm_partition_config_type",
          "status": "pass"
        }
      ]
    },
    {
      "object_kind": "var",
      "config_addr": "var.nfs",
      "status": "pass",
      "objects": [
        {
          "object_addr": "var.nfs",
          "status": "pass"
        }
      ]
    },
    {
      "object_kind": "var",
      "config_addr": "var.filestore_controller_spool",
      "status": "pass",
      "objects": [
        {
          "object_addr": "var.filestore_controller_spool",
          "status": "pass"
        }
      ]
    },
    {
      "object_kind": "var",
      "config_addr": "module.k8s.var.company_name",
      "status": "pass",
      "objects": [
        {
          "object_addr": "module.k8s.var.company_name",
          "status": "pass"
        }
      ]
    },
    {
      "object_kind": "var",
      "config_addr": "var.vpc_subnet_id",
      "status": "pass",
      "objects": [
        {
          "object_addr": "var.vpc_subnet_id",
          "status": "pass"
        }
      ]
    },
    {
      "object_kind": "var",
      "config_addr": "module.filestore.var.controller_spool",
      "status": "pass",
      "objects": [
        {
          "object_addr": "module.filestore.var.controller_spool",
          "status": "pass"
        }
      ]
    },
    {
      "object_kind": "var",
      "config_addr": "var.iam_project_id",
      "status": "pass",
      "objects": [
        {
          "object_addr": "var.iam_project_id",
          "status": "pass"
        }
      ]
    },
    {
      "object_kind": "var",
      "config_addr": "var.filestore_jail_submounts",
      "status": "pass",
      "objects": [
        {
          "object_addr": "var.filestore_jail_submounts",
          "status": "pass"
        }
      ]
    },
    {
      "object_kind": "var",
      "config_addr": "var.backups_enabled",
      "status": "pass",
      "objects": [
        {
          "object_addr": "var.backups_enabled",
          "status": "pass"
        }
      ]
    },
    {
      "object_kind": "var",
      "config_addr": "module.slurm.var.nfs",
      "status": "unknown",
      "objects": [
        {
          "object_addr": "module.slurm.var.nfs",
          "status": "unknown"
        }
      ]
    },
    {
      "object_kind": "var",
      "config_addr": "var.o11y_profile",
      "status": "pass",
      "objects": [
        {
          "object_addr": "var.o11y_profile",
          "status": "pass"
        }
      ]
    },
    {
      "object_kind": "var",
      "config_addr": "var.maintenance",
      "status": "pass",
      "objects": [
        {
          "object_addr": "var.maintenance",
          "status": "pass"
        }
      ]
    },
    {
      "object_kind": "var",
      "config_addr": "module.slurm.var.resources",
      "status": "unknown",
      "objects": [
        {
          "object_addr": "module.slurm.var.resources",
          "status": "unknown"
        }
      ]
    },
    {
      "object_kind": "var",
      "config_addr": "var.filestore_jail",
      "status": "pass",
      "objects": [
        {
          "object_addr": "var.filestore_jail",
          "status": "pass"
        }
      ]
    },
    {
      "object_kind": "resource",
      "config_addr": "terraform_data.check_nfs",
      "status": "pass",
      "objects": [
        {
          "object_addr": "terraform_data.check_nfs",
          "status": "pass"
        }
      ]
    },
    {
      "object_kind": "var",
      "config_addr": "module.filestore.var.jail",
      "status": "pass",
      "objects": [
        {
          "object_addr": "module.filestore.var.jail",
          "status": "pass"
        }
      ]
    },
    {
      "object_kind": "resource",
      "config_addr": "terraform_data.check_slurm_nodeset",
      "status": "pass",
      "objects": [
        {
          "object_addr": "terraform_data.check_slurm_nodeset[\"login\"]",
          "status": "pass"
        },
        {
          "object_addr": "terraform_data.check_slurm_nodeset[\"system\"]",
          "status": "pass"
        },
        {
          "object_addr": "terraform_data.check_slurm_nodeset[\"worker_0\"]",
          "status": "pass"
        },
        {
          "object_addr": "terraform_data.check_slurm_nodeset[\"controller\"]",
          "status": "pass"
        }
      ]
    },
    {
      "object_kind": "var",
      "config_addr": "var.k8s_version",
      "status": "pass",
      "objects": [
        {
          "object_addr": "var.k8s_version",
          "status": "pass"
        }
      ]
    },
    {
      "object_kind": "var",
      "config_addr": "module.slurm.var.maintenance",
      "status": "unknown",
      "objects": [
        {
          "object_addr": "module.slurm.var.maintenance",
          "status": "unknown"
        }
      ]
    },
    {
      "object_kind": "var",
      "config_addr": "var.filestore_accounting",
      "status": "pass",
      "objects": [
        {
          "object_addr": "var.filestore_accounting",
          "status": "pass"
        }
      ]
    },
    {
      "object_kind": "var",
      "config_addr": "var.company_name",
      "status": "pass",
      "objects": [
        {
          "object_addr": "var.company_name",
          "status": "pass"
        }
      ]
    },
    {
      "object_kind": "var",
      "config_addr": "module.filestore.var.accounting",
      "status": "pass",
      "objects": [
        {
          "object_addr": "module.filestore.var.accounting",
          "status": "pass"
        }
      ]
    },
    {
      "object_kind": "resource",
      "config_addr": "terraform_data.check_region",
      "status": "pass",
      "objects": [
        {
          "object_addr": "terraform_data.check_region",
          "status": "pass"
        }
      ]
    },
    {
      "object_kind": "resource",
      "config_addr": "terraform_data.check_slurm_nodeset_accounting",
      "status": "pass",
      "objects": [
        {
          "object_addr": "terraform_data.check_slurm_nodeset_accounting",
          "status": "pass"
        }
      ]
    },
    {
      "object_kind": "var",
      "config_addr": "var.iam_tenant_id",
      "status": "pass",
      "objects": [
        {
          "object_addr": "var.iam_tenant_id",
          "status": "pass"
        }
      ]
    }
  ]
}
